// !$*UTF8*$!
{
	archiveVersion = 1;
	classes = {
	};
	objectVersion = 46;
	objects = {

/* Begin PBXBuildFile section */
		7210F1AB1AB0D0B000C2A797 /* GroupViewController.swift in Sources */ = {isa = PBXBuildFile; fileRef = 7210F1AA1AB0D0B000C2A797 /* GroupViewController.swift */; };
		7210F1AF1AB0D19200C2A797 /* ExpensesTableViewController.swift in Sources */ = {isa = PBXBuildFile; fileRef = 7210F1AE1AB0D19200C2A797 /* ExpensesTableViewController.swift */; };
		7210F1B11AB0D1A600C2A797 /* DatePickerViewController.swift in Sources */ = {isa = PBXBuildFile; fileRef = 7210F1B01AB0D1A600C2A797 /* DatePickerViewController.swift */; };
		7210F1B41AB0D22400C2A797 /* SummaryGraphViewController.swift in Sources */ = {isa = PBXBuildFile; fileRef = 7210F1B31AB0D22400C2A797 /* SummaryGraphViewController.swift */; };
		72289D1B1ACFD4DB0073C60C /* SummaryViewController.swift in Sources */ = {isa = PBXBuildFile; fileRef = 72289D1A1ACFD4DB0073C60C /* SummaryViewController.swift */; };
		7237DC401AD2CB9C00A29256 /* SummaryItem.swift in Sources */ = {isa = PBXBuildFile; fileRef = 7237DC3F1AD2CB9C00A29256 /* SummaryItem.swift */; };
		723836AB1AB0D3C6007EC1FC /* GroupPanelConstraints.swift in Sources */ = {isa = PBXBuildFile; fileRef = 723836AA1AB0D3C6007EC1FC /* GroupPanelConstraints.swift */; };
		723836AF1AB0EF4B007EC1FC /* GroupViewDelegate.swift in Sources */ = {isa = PBXBuildFile; fileRef = 723836AE1AB0EF4B007EC1FC /* GroupViewDelegate.swift */; };
		724ACD1B1AB0AA6100DFA724 /* Podfile in Resources */ = {isa = PBXBuildFile; fileRef = 724ACD1A1AB0AA6100DFA724 /* Podfile */; };
		726CA7B61AAF828C00EC7DFA /* GroupHandler.swift in Sources */ = {isa = PBXBuildFile; fileRef = 726CA7B51AAF828C00EC7DFA /* GroupHandler.swift */; };
		728709851AAE2BC3002FC91A /* GroupCell.swift in Sources */ = {isa = PBXBuildFile; fileRef = 728709841AAE2BC3002FC91A /* GroupCell.swift */; };
		728709871AAE2E14002FC91A /* HeaderViewController.swift in Sources */ = {isa = PBXBuildFile; fileRef = 728709861AAE2E14002FC91A /* HeaderViewController.swift */; };
		728709891AAE49DE002FC91A /* MainViewController.swift in Sources */ = {isa = PBXBuildFile; fileRef = 728709881AAE49DE002FC91A /* MainViewController.swift */; };
		72A07E941AA8EE570016C61B /* AppDelegate.swift in Sources */ = {isa = PBXBuildFile; fileRef = 72A07E931AA8EE570016C61B /* AppDelegate.swift */; };
		72A07E991AA8EE570016C61B /* Main.storyboard in Resources */ = {isa = PBXBuildFile; fileRef = 72A07E971AA8EE570016C61B /* Main.storyboard */; };
		72A07E9B1AA8EE570016C61B /* Images.xcassets in Resources */ = {isa = PBXBuildFile; fileRef = 72A07E9A1AA8EE570016C61B /* Images.xcassets */; };
		72A07E9E1AA8EE570016C61B /* LaunchScreen.xib in Resources */ = {isa = PBXBuildFile; fileRef = 72A07E9C1AA8EE570016C61B /* LaunchScreen.xib */; };
		72A07EAA1AA8EE570016C61B /* iouTests.swift in Sources */ = {isa = PBXBuildFile; fileRef = 72A07EA91AA8EE570016C61B /* iouTests.swift */; };
		72A07EB61AA8EED60016C61B /* ParentViewController.swift in Sources */ = {isa = PBXBuildFile; fileRef = 72A07EB51AA8EED60016C61B /* ParentViewController.swift */; };
		72A07EB81AA8EEE20016C61B /* BannerViewController.swift in Sources */ = {isa = PBXBuildFile; fileRef = 72A07EB71AA8EEE20016C61B /* BannerViewController.swift */; };
		72A07EBA1AA8EEF60016C61B /* ProfileViewController.swift in Sources */ = {isa = PBXBuildFile; fileRef = 72A07EB91AA8EEF60016C61B /* ProfileViewController.swift */; };
		72A07EBC1AA8EF1D0016C61B /* GroupListTableViewController.swift in Sources */ = {isa = PBXBuildFile; fileRef = 72A07EBB1AA8EF1D0016C61B /* GroupListTableViewController.swift */; };
		72A6228E1ACAA8CD007D1F93 /* ExpensesHandler.swift in Sources */ = {isa = PBXBuildFile; fileRef = 72A6228D1ACAA8CD007D1F93 /* ExpensesHandler.swift */; };
		72A622901ACAA936007D1F93 /* Group.swift in Sources */ = {isa = PBXBuildFile; fileRef = 72A6228F1ACAA936007D1F93 /* Group.swift */; };
		72A622921ACAA9BD007D1F93 /* User.swift in Sources */ = {isa = PBXBuildFile; fileRef = 72A622911ACAA9BD007D1F93 /* User.swift */; };
		72A622941ACAAD3F007D1F93 /* Expense.swift in Sources */ = {isa = PBXBuildFile; fileRef = 72A622931ACAAD3F007D1F93 /* Expense.swift */; };
		72A622961ACB1521007D1F93 /* ExpenseCell.swift in Sources */ = {isa = PBXBuildFile; fileRef = 72A622951ACB1521007D1F93 /* ExpenseCell.swift */; };
		72A622981ACB1EA7007D1F93 /* JSONHelpers.swift in Sources */ = {isa = PBXBuildFile; fileRef = 72A622971ACB1EA7007D1F93 /* JSONHelpers.swift */; };
		72A6229C1ACC05EF007D1F93 /* TableViewHeader.swift in Sources */ = {isa = PBXBuildFile; fileRef = 72A6229B1ACC05EF007D1F93 /* TableViewHeader.swift */; };
		72A6229F1ACC3BD2007D1F93 /* DateUtils.swift in Sources */ = {isa = PBXBuildFile; fileRef = 72A6229E1ACC3BD2007D1F93 /* DateUtils.swift */; };
		72A622A31ACD1540007D1F93 /* expenseResponse.txt in Resources */ = {isa = PBXBuildFile; fileRef = 72A622A11ACD1540007D1F93 /* expenseResponse.txt */; };
		72A622A41ACD1540007D1F93 /* groupResponse.txt in Resources */ = {isa = PBXBuildFile; fileRef = 72A622A21ACD1540007D1F93 /* groupResponse.txt */; };
		72A622A81ACD2B26007D1F93 /* image.png in Resources */ = {isa = PBXBuildFile; fileRef = 72A622A71ACD2B26007D1F93 /* image.png */; };
		72B7B9681AACD734007E4AC9 /* ParentViewConstraints.swift in Sources */ = {isa = PBXBuildFile; fileRef = 72B7B9671AACD734007E4AC9 /* ParentViewConstraints.swift */; };
		DF66FBDA0A85055F9A3020C4 /* Pods.framework in Frameworks */ = {isa = PBXBuildFile; fileRef = 92CDB8D3053FAB98FE86BDBD /* Pods.framework */; settings = {ATTRIBUTES = (Weak, ); }; };
/* End PBXBuildFile section */

/* Begin PBXContainerItemProxy section */
		72A07EA41AA8EE570016C61B /* PBXContainerItemProxy */ = {
			isa = PBXContainerItemProxy;
			containerPortal = 72A07E861AA8EE570016C61B /* Project object */;
			proxyType = 1;
			remoteGlobalIDString = 72A07E8D1AA8EE570016C61B;
			remoteInfo = iou;
		};
/* End PBXContainerItemProxy section */

/* Begin PBXFileReference section */
		108EFFAC047710158FD90D5B /* Pods.debug.xcconfig */ = {isa = PBXFileReference; includeInIndex = 1; lastKnownFileType = text.xcconfig; name = Pods.debug.xcconfig; path = "Pods/Target Support Files/Pods/Pods.debug.xcconfig"; sourceTree = "<group>"; };
		7210F1AA1AB0D0B000C2A797 /* GroupViewController.swift */ = {isa = PBXFileReference; fileEncoding = 4; lastKnownFileType = sourcecode.swift; path = GroupViewController.swift; sourceTree = "<group>"; };
		7210F1AE1AB0D19200C2A797 /* ExpensesTableViewController.swift */ = {isa = PBXFileReference; fileEncoding = 4; lastKnownFileType = sourcecode.swift; path = ExpensesTableViewController.swift; sourceTree = "<group>"; };
		7210F1B01AB0D1A600C2A797 /* DatePickerViewController.swift */ = {isa = PBXFileReference; fileEncoding = 4; lastKnownFileType = sourcecode.swift; path = DatePickerViewController.swift; sourceTree = "<group>"; };
		7210F1B31AB0D22400C2A797 /* SummaryGraphViewController.swift */ = {isa = PBXFileReference; fileEncoding = 4; lastKnownFileType = sourcecode.swift; path = SummaryGraphViewController.swift; sourceTree = "<group>"; };
		72289D1A1ACFD4DB0073C60C /* SummaryViewController.swift */ = {isa = PBXFileReference; fileEncoding = 4; lastKnownFileType = sourcecode.swift; path = SummaryViewController.swift; sourceTree = "<group>"; };
		7237DC3F1AD2CB9C00A29256 /* SummaryItem.swift */ = {isa = PBXFileReference; fileEncoding = 4; lastKnownFileType = sourcecode.swift; path = SummaryItem.swift; sourceTree = "<group>"; };
		723836AA1AB0D3C6007EC1FC /* GroupPanelConstraints.swift */ = {isa = PBXFileReference; fileEncoding = 4; lastKnownFileType = sourcecode.swift; path = GroupPanelConstraints.swift; sourceTree = "<group>"; };
		723836AE1AB0EF4B007EC1FC /* GroupViewDelegate.swift */ = {isa = PBXFileReference; fileEncoding = 4; lastKnownFileType = sourcecode.swift; path = GroupViewDelegate.swift; sourceTree = "<group>"; };
		724ACD1A1AB0AA6100DFA724 /* Podfile */ = {isa = PBXFileReference; fileEncoding = 4; lastKnownFileType = text; path = Podfile; sourceTree = SOURCE_ROOT; xcLanguageSpecificationIdentifier = xcode.lang.ruby; };
		7266E30B1ACD5021006C54D0 /* Pods-frameworks.sh */ = {isa = PBXFileReference; lastKnownFileType = text.script.sh; name = "Pods-frameworks.sh"; path = "Pods/Target Support Files/Pods/Pods-frameworks.sh"; sourceTree = "<group>"; };
		7266E30D1ACD6146006C54D0 /* iou-Bridging-Header.h */ = {isa = PBXFileReference; fileEncoding = 4; lastKnownFileType = sourcecode.c.h; path = "iou-Bridging-Header.h"; sourceTree = "<group>"; };
		726CA7B51AAF828C00EC7DFA /* GroupHandler.swift */ = {isa = PBXFileReference; fileEncoding = 4; lastKnownFileType = sourcecode.swift; path = GroupHandler.swift; sourceTree = "<group>"; };
		728709841AAE2BC3002FC91A /* GroupCell.swift */ = {isa = PBXFileReference; fileEncoding = 4; lastKnownFileType = sourcecode.swift; path = GroupCell.swift; sourceTree = "<group>"; };
		728709861AAE2E14002FC91A /* HeaderViewController.swift */ = {isa = PBXFileReference; fileEncoding = 4; lastKnownFileType = sourcecode.swift; path = HeaderViewController.swift; sourceTree = "<group>"; };
		728709881AAE49DE002FC91A /* MainViewController.swift */ = {isa = PBXFileReference; fileEncoding = 4; lastKnownFileType = sourcecode.swift; path = MainViewController.swift; sourceTree = "<group>"; };
		72A07E8E1AA8EE570016C61B /* iou.app */ = {isa = PBXFileReference; explicitFileType = wrapper.application; includeInIndex = 0; path = iou.app; sourceTree = BUILT_PRODUCTS_DIR; };
		72A07E921AA8EE570016C61B /* Info.plist */ = {isa = PBXFileReference; lastKnownFileType = text.plist.xml; path = Info.plist; sourceTree = "<group>"; };
		72A07E931AA8EE570016C61B /* AppDelegate.swift */ = {isa = PBXFileReference; lastKnownFileType = sourcecode.swift; path = AppDelegate.swift; sourceTree = "<group>"; };
		72A07E981AA8EE570016C61B /* Base */ = {isa = PBXFileReference; lastKnownFileType = file.storyboard; name = Base; path = Base.lproj/Main.storyboard; sourceTree = "<group>"; };
		72A07E9A1AA8EE570016C61B /* Images.xcassets */ = {isa = PBXFileReference; lastKnownFileType = folder.assetcatalog; path = Images.xcassets; sourceTree = "<group>"; };
		72A07E9D1AA8EE570016C61B /* Base */ = {isa = PBXFileReference; lastKnownFileType = file.xib; name = Base; path = Base.lproj/LaunchScreen.xib; sourceTree = "<group>"; };
		72A07EA31AA8EE570016C61B /* iouTests.xctest */ = {isa = PBXFileReference; explicitFileType = wrapper.cfbundle; includeInIndex = 0; path = iouTests.xctest; sourceTree = BUILT_PRODUCTS_DIR; };
		72A07EA81AA8EE570016C61B /* Info.plist */ = {isa = PBXFileReference; lastKnownFileType = text.plist.xml; path = Info.plist; sourceTree = "<group>"; };
		72A07EA91AA8EE570016C61B /* iouTests.swift */ = {isa = PBXFileReference; lastKnownFileType = sourcecode.swift; path = iouTests.swift; sourceTree = "<group>"; };
		72A07EB51AA8EED60016C61B /* ParentViewController.swift */ = {isa = PBXFileReference; fileEncoding = 4; lastKnownFileType = sourcecode.swift; path = ParentViewController.swift; sourceTree = "<group>"; };
		72A07EB71AA8EEE20016C61B /* BannerViewController.swift */ = {isa = PBXFileReference; fileEncoding = 4; lastKnownFileType = sourcecode.swift; path = BannerViewController.swift; sourceTree = "<group>"; };
		72A07EB91AA8EEF60016C61B /* ProfileViewController.swift */ = {isa = PBXFileReference; fileEncoding = 4; lastKnownFileType = sourcecode.swift; path = ProfileViewController.swift; sourceTree = "<group>"; };
		72A07EBB1AA8EF1D0016C61B /* GroupListTableViewController.swift */ = {isa = PBXFileReference; fileEncoding = 4; lastKnownFileType = sourcecode.swift; path = GroupListTableViewController.swift; sourceTree = "<group>"; };
		72A6228D1ACAA8CD007D1F93 /* ExpensesHandler.swift */ = {isa = PBXFileReference; fileEncoding = 4; lastKnownFileType = sourcecode.swift; path = ExpensesHandler.swift; sourceTree = "<group>"; };
		72A6228F1ACAA936007D1F93 /* Group.swift */ = {isa = PBXFileReference; fileEncoding = 4; lastKnownFileType = sourcecode.swift; path = Group.swift; sourceTree = "<group>"; };
		72A622911ACAA9BD007D1F93 /* User.swift */ = {isa = PBXFileReference; fileEncoding = 4; lastKnownFileType = sourcecode.swift; path = User.swift; sourceTree = "<group>"; };
		72A622931ACAAD3F007D1F93 /* Expense.swift */ = {isa = PBXFileReference; fileEncoding = 4; lastKnownFileType = sourcecode.swift; path = Expense.swift; sourceTree = "<group>"; };
		72A622951ACB1521007D1F93 /* ExpenseCell.swift */ = {isa = PBXFileReference; fileEncoding = 4; lastKnownFileType = sourcecode.swift; path = ExpenseCell.swift; sourceTree = "<group>"; };
		72A622971ACB1EA7007D1F93 /* JSONHelpers.swift */ = {isa = PBXFileReference; fileEncoding = 4; lastKnownFileType = sourcecode.swift; path = JSONHelpers.swift; sourceTree = "<group>"; };
		72A6229B1ACC05EF007D1F93 /* TableViewHeader.swift */ = {isa = PBXFileReference; fileEncoding = 4; lastKnownFileType = sourcecode.swift; path = TableViewHeader.swift; sourceTree = "<group>"; };
		72A6229E1ACC3BD2007D1F93 /* DateUtils.swift */ = {isa = PBXFileReference; fileEncoding = 4; lastKnownFileType = sourcecode.swift; path = DateUtils.swift; sourceTree = "<group>"; };
		72A622A11ACD1540007D1F93 /* expenseResponse.txt */ = {isa = PBXFileReference; fileEncoding = 4; lastKnownFileType = text; path = expenseResponse.txt; sourceTree = "<group>"; };
		72A622A21ACD1540007D1F93 /* groupResponse.txt */ = {isa = PBXFileReference; fileEncoding = 4; lastKnownFileType = text; path = groupResponse.txt; sourceTree = "<group>"; };
		72A622A71ACD2B26007D1F93 /* image.png */ = {isa = PBXFileReference; lastKnownFileType = image.png; path = image.png; sourceTree = "<group>"; };
		72B7B9671AACD734007E4AC9 /* ParentViewConstraints.swift */ = {isa = PBXFileReference; fileEncoding = 4; lastKnownFileType = sourcecode.swift; path = ParentViewConstraints.swift; sourceTree = "<group>"; };
		92CDB8D3053FAB98FE86BDBD /* Pods.framework */ = {isa = PBXFileReference; explicitFileType = wrapper.framework; includeInIndex = 0; path = Pods.framework; sourceTree = BUILT_PRODUCTS_DIR; };
		D2B058942AEB75EDD9D3A13E /* Pods.release.xcconfig */ = {isa = PBXFileReference; includeInIndex = 1; lastKnownFileType = text.xcconfig; name = Pods.release.xcconfig; path = "Pods/Target Support Files/Pods/Pods.release.xcconfig"; sourceTree = "<group>"; };
		E97500AD37526B522B944778 /* Pods_iou.framework */ = {isa = PBXFileReference; explicitFileType = wrapper.framework; includeInIndex = 0; path = Pods_iou.framework; sourceTree = BUILT_PRODUCTS_DIR; };
/* End PBXFileReference section */

/* Begin PBXFrameworksBuildPhase section */
		72A07E8B1AA8EE570016C61B /* Frameworks */ = {
			isa = PBXFrameworksBuildPhase;
			buildActionMask = 2147483647;
			files = (
				DF66FBDA0A85055F9A3020C4 /* Pods.framework in Frameworks */,
			);
			runOnlyForDeploymentPostprocessing = 0;
		};
		72A07EA01AA8EE570016C61B /* Frameworks */ = {
			isa = PBXFrameworksBuildPhase;
			buildActionMask = 2147483647;
			files = (
			);
			runOnlyForDeploymentPostprocessing = 0;
		};
/* End PBXFrameworksBuildPhase section */

/* Begin PBXGroup section */
		7210F1B21AB0D1B100C2A797 /* GroupView */ = {
			isa = PBXGroup;
			children = (
				7210F1AA1AB0D0B000C2A797 /* GroupViewController.swift */,
				7210F1B01AB0D1A600C2A797 /* DatePickerViewController.swift */,
				7210F1AE1AB0D19200C2A797 /* ExpensesTableViewController.swift */,
				7210F1B31AB0D22400C2A797 /* SummaryGraphViewController.swift */,
				72289D1A1ACFD4DB0073C60C /* SummaryViewController.swift */,
				723836AE1AB0EF4B007EC1FC /* GroupViewDelegate.swift */,
				72A622951ACB1521007D1F93 /* ExpenseCell.swift */,
				72A6229B1ACC05EF007D1F93 /* TableViewHeader.swift */,
			);
			name = GroupView;
			sourceTree = "<group>";
		};
		726CA7B41AAF827B00EC7DFA /* BackendStuffs */ = {
			isa = PBXGroup;
			children = (
				72A622A01ACD1507007D1F93 /* MockResponse */,
				726CA7B51AAF828C00EC7DFA /* GroupHandler.swift */,
				72A6228D1ACAA8CD007D1F93 /* ExpensesHandler.swift */,
				72A622971ACB1EA7007D1F93 /* JSONHelpers.swift */,
			);
			name = BackendStuffs;
			sourceTree = "<group>";
		};
		728709811AAE2AB2002FC91A /* MainView */ = {
			isa = PBXGroup;
			children = (
				728709861AAE2E14002FC91A /* HeaderViewController.swift */,
				72A07EBB1AA8EF1D0016C61B /* GroupListTableViewController.swift */,
				728709841AAE2BC3002FC91A /* GroupCell.swift */,
				728709881AAE49DE002FC91A /* MainViewController.swift */,
			);
			name = MainView;
			sourceTree = "<group>";
		};
		72A07E851AA8EE570016C61B = {
			isa = PBXGroup;
			children = (
				7266E30D1ACD6146006C54D0 /* iou-Bridging-Header.h */,
				72A07E901AA8EE570016C61B /* iou */,
				72A07EA61AA8EE570016C61B /* iouTests */,
				72A07E8F1AA8EE570016C61B /* Products */,
				F71147F93E6A9B04F93853C0 /* Pods */,
				ED47D28500EC19252C3E1252 /* Frameworks */,
			);
			sourceTree = "<group>";
		};
		72A07E8F1AA8EE570016C61B /* Products */ = {
			isa = PBXGroup;
			children = (
				72A07E8E1AA8EE570016C61B /* iou.app */,
				72A07EA31AA8EE570016C61B /* iouTests.xctest */,
			);
			name = Products;
			sourceTree = "<group>";
		};
		72A07E901AA8EE570016C61B /* iou */ = {
			isa = PBXGroup;
			children = (
				72A6229D1ACC3BC6007D1F93 /* Util */,
				7210F1B21AB0D1B100C2A797 /* GroupView */,
				726CA7B41AAF827B00EC7DFA /* BackendStuffs */,
				728709811AAE2AB2002FC91A /* MainView */,
				72B7B9661AACD726007E4AC9 /* models */,
				72A07E931AA8EE570016C61B /* AppDelegate.swift */,
				72A07EB51AA8EED60016C61B /* ParentViewController.swift */,
				72A07E971AA8EE570016C61B /* Main.storyboard */,
				72A07EB71AA8EEE20016C61B /* BannerViewController.swift */,
				72A07EB91AA8EEF60016C61B /* ProfileViewController.swift */,
				72A07E9A1AA8EE570016C61B /* Images.xcassets */,
				72A07E9C1AA8EE570016C61B /* LaunchScreen.xib */,
				724ACD1A1AB0AA6100DFA724 /* Podfile */,
				72A07E911AA8EE570016C61B /* Supporting Files */,
			);
			path = iou;
			sourceTree = "<group>";
		};
		72A07E911AA8EE570016C61B /* Supporting Files */ = {
			isa = PBXGroup;
			children = (
				72A622A71ACD2B26007D1F93 /* image.png */,
				72A07E921AA8EE570016C61B /* Info.plist */,
			);
			name = "Supporting Files";
			sourceTree = "<group>";
		};
		72A07EA61AA8EE570016C61B /* iouTests */ = {
			isa = PBXGroup;
			children = (
				72A07EA91AA8EE570016C61B /* iouTests.swift */,
				72A07EA71AA8EE570016C61B /* Supporting Files */,
			);
			path = iouTests;
			sourceTree = "<group>";
		};
		72A07EA71AA8EE570016C61B /* Supporting Files */ = {
			isa = PBXGroup;
			children = (
				72A07EA81AA8EE570016C61B /* Info.plist */,
			);
			name = "Supporting Files";
			sourceTree = "<group>";
		};
		72A6229D1ACC3BC6007D1F93 /* Util */ = {
			isa = PBXGroup;
			children = (
				72A6229E1ACC3BD2007D1F93 /* DateUtils.swift */,
			);
			name = Util;
			sourceTree = "<group>";
		};
		72A622A01ACD1507007D1F93 /* MockResponse */ = {
			isa = PBXGroup;
			children = (
				72A622A11ACD1540007D1F93 /* expenseResponse.txt */,
				72A622A21ACD1540007D1F93 /* groupResponse.txt */,
			);
			name = MockResponse;
			sourceTree = "<group>";
		};
		72B7B9661AACD726007E4AC9 /* models */ = {
			isa = PBXGroup;
			children = (
				72B7B9671AACD734007E4AC9 /* ParentViewConstraints.swift */,
				723836AA1AB0D3C6007EC1FC /* GroupPanelConstraints.swift */,
				72A6228F1ACAA936007D1F93 /* Group.swift */,
				72A622911ACAA9BD007D1F93 /* User.swift */,
				72A622931ACAAD3F007D1F93 /* Expense.swift */,
				7237DC3F1AD2CB9C00A29256 /* SummaryItem.swift */,
			);
			name = models;
			sourceTree = "<group>";
		};
		ED47D28500EC19252C3E1252 /* Frameworks */ = {
			isa = PBXGroup;
			children = (
				7266E30B1ACD5021006C54D0 /* Pods-frameworks.sh */,
				92CDB8D3053FAB98FE86BDBD /* Pods.framework */,
				E97500AD37526B522B944778 /* Pods_iou.framework */,
			);
			name = Frameworks;
			sourceTree = "<group>";
		};
		F71147F93E6A9B04F93853C0 /* Pods */ = {
			isa = PBXGroup;
			children = (
				108EFFAC047710158FD90D5B /* Pods.debug.xcconfig */,
				D2B058942AEB75EDD9D3A13E /* Pods.release.xcconfig */,
			);
			name = Pods;
			sourceTree = "<group>";
		};
/* End PBXGroup section */

/* Begin PBXNativeTarget section */
		72A07E8D1AA8EE570016C61B /* iou */ = {
			isa = PBXNativeTarget;
			buildConfigurationList = 72A07EAD1AA8EE570016C61B /* Build configuration list for PBXNativeTarget "iou" */;
			buildPhases = (
				992347316F6D1A97DDDA9F88 /* Check Pods Manifest.lock */,
				72A07E8A1AA8EE570016C61B /* Sources */,
				72A07E8B1AA8EE570016C61B /* Frameworks */,
				72A07E8C1AA8EE570016C61B /* Resources */,
				C1A48F6D09EC8627EA4D0863 /* Embed Pods Frameworks */,
				5E1E746473F5D2132FF9DC31 /* Copy Pods Resources */,
			);
			buildRules = (
			);
			dependencies = (
			);
			name = iou;
			productName = iou;
			productReference = 72A07E8E1AA8EE570016C61B /* iou.app */;
			productType = "com.apple.product-type.application";
		};
		72A07EA21AA8EE570016C61B /* iouTests */ = {
			isa = PBXNativeTarget;
			buildConfigurationList = 72A07EB01AA8EE570016C61B /* Build configuration list for PBXNativeTarget "iouTests" */;
			buildPhases = (
				72A07E9F1AA8EE570016C61B /* Sources */,
				72A07EA01AA8EE570016C61B /* Frameworks */,
				72A07EA11AA8EE570016C61B /* Resources */,
			);
			buildRules = (
			);
			dependencies = (
				72A07EA51AA8EE570016C61B /* PBXTargetDependency */,
			);
			name = iouTests;
			productName = iouTests;
			productReference = 72A07EA31AA8EE570016C61B /* iouTests.xctest */;
			productType = "com.apple.product-type.bundle.unit-test";
		};
/* End PBXNativeTarget section */

/* Begin PBXProject section */
		72A07E861AA8EE570016C61B /* Project object */ = {
			isa = PBXProject;
			attributes = {
				LastUpgradeCheck = 0610;
				ORGANIZATIONNAME = "APM solutions";
				TargetAttributes = {
					72A07E8D1AA8EE570016C61B = {
						CreatedOnToolsVersion = 6.1.1;
						DevelopmentTeam = E9A359GGU4;
					};
					72A07EA21AA8EE570016C61B = {
						CreatedOnToolsVersion = 6.1.1;
						TestTargetID = 72A07E8D1AA8EE570016C61B;
					};
				};
			};
			buildConfigurationList = 72A07E891AA8EE570016C61B /* Build configuration list for PBXProject "iou" */;
			compatibilityVersion = "Xcode 3.2";
			developmentRegion = English;
			hasScannedForEncodings = 0;
			knownRegions = (
				en,
				Base,
			);
			mainGroup = 72A07E851AA8EE570016C61B;
			productRefGroup = 72A07E8F1AA8EE570016C61B /* Products */;
			projectDirPath = "";
			projectRoot = "";
			targets = (
				72A07E8D1AA8EE570016C61B /* iou */,
				72A07EA21AA8EE570016C61B /* iouTests */,
			);
		};
/* End PBXProject section */

/* Begin PBXResourcesBuildPhase section */
		72A07E8C1AA8EE570016C61B /* Resources */ = {
			isa = PBXResourcesBuildPhase;
			buildActionMask = 2147483647;
			files = (
				72A07E991AA8EE570016C61B /* Main.storyboard in Resources */,
				72A622A41ACD1540007D1F93 /* groupResponse.txt in Resources */,
				72A622A31ACD1540007D1F93 /* expenseResponse.txt in Resources */,
				72A07E9E1AA8EE570016C61B /* LaunchScreen.xib in Resources */,
				72A622A81ACD2B26007D1F93 /* image.png in Resources */,
				724ACD1B1AB0AA6100DFA724 /* Podfile in Resources */,
				72A07E9B1AA8EE570016C61B /* Images.xcassets in Resources */,
			);
			runOnlyForDeploymentPostprocessing = 0;
		};
		72A07EA11AA8EE570016C61B /* Resources */ = {
			isa = PBXResourcesBuildPhase;
			buildActionMask = 2147483647;
			files = (
			);
			runOnlyForDeploymentPostprocessing = 0;
		};
/* End PBXResourcesBuildPhase section */

/* Begin PBXShellScriptBuildPhase section */
		5E1E746473F5D2132FF9DC31 /* Copy Pods Resources */ = {
			isa = PBXShellScriptBuildPhase;
			buildActionMask = 2147483647;
			files = (
			);
			inputPaths = (
			);
			name = "Copy Pods Resources";
			outputPaths = (
			);
			runOnlyForDeploymentPostprocessing = 0;
			shellPath = /bin/sh;
			shellScript = "\"${SRCROOT}/Pods/Target Support Files/Pods/Pods-resources.sh\"\n";
			showEnvVarsInLog = 0;
		};
		992347316F6D1A97DDDA9F88 /* Check Pods Manifest.lock */ = {
			isa = PBXShellScriptBuildPhase;
			buildActionMask = 2147483647;
			files = (
			);
			inputPaths = (
			);
			name = "Check Pods Manifest.lock";
			outputPaths = (
			);
			runOnlyForDeploymentPostprocessing = 0;
			shellPath = /bin/sh;
			shellScript = "diff \"${PODS_ROOT}/../Podfile.lock\" \"${PODS_ROOT}/Manifest.lock\" > /dev/null\nif [[ $? != 0 ]] ; then\n    cat << EOM\nerror: The sandbox is not in sync with the Podfile.lock. Run 'pod install' or update your CocoaPods installation.\nEOM\n    exit 1\nfi\n";
			showEnvVarsInLog = 0;
		};
		C1A48F6D09EC8627EA4D0863 /* Embed Pods Frameworks */ = {
			isa = PBXShellScriptBuildPhase;
			buildActionMask = 2147483647;
			files = (
			);
			inputPaths = (
			);
			name = "Embed Pods Frameworks";
			outputPaths = (
			);
			runOnlyForDeploymentPostprocessing = 0;
			shellPath = /bin/sh;
			shellScript = "\"${SRCROOT}/Pods/Target Support Files/Pods/Pods-frameworks.sh\"\n";
			showEnvVarsInLog = 0;
		};
/* End PBXShellScriptBuildPhase section */

/* Begin PBXSourcesBuildPhase section */
		72A07E8A1AA8EE570016C61B /* Sources */ = {
			isa = PBXSourcesBuildPhase;
			buildActionMask = 2147483647;
			files = (
				72A07EB61AA8EED60016C61B /* ParentViewController.swift in Sources */,
				72A6229F1ACC3BD2007D1F93 /* DateUtils.swift in Sources */,
				7210F1B11AB0D1A600C2A797 /* DatePickerViewController.swift in Sources */,
				72A6229C1ACC05EF007D1F93 /* TableViewHeader.swift in Sources */,
				728709871AAE2E14002FC91A /* HeaderViewController.swift in Sources */,
				72A07EBC1AA8EF1D0016C61B /* GroupListTableViewController.swift in Sources */,
				72A622961ACB1521007D1F93 /* ExpenseCell.swift in Sources */,
				7237DC401AD2CB9C00A29256 /* SummaryItem.swift in Sources */,
				72A622941ACAAD3F007D1F93 /* Expense.swift in Sources */,
				72A07E941AA8EE570016C61B /* AppDelegate.swift in Sources */,
				7210F1B41AB0D22400C2A797 /* SummaryGraphViewController.swift in Sources */,
				72B7B9681AACD734007E4AC9 /* ParentViewConstraints.swift in Sources */,
				728709891AAE49DE002FC91A /* MainViewController.swift in Sources */,
				72A07EBA1AA8EEF60016C61B /* ProfileViewController.swift in Sources */,
				72A622981ACB1EA7007D1F93 /* JSONHelpers.swift in Sources */,
				72289D1B1ACFD4DB0073C60C /* SummaryViewController.swift in Sources */,
				72A622901ACAA936007D1F93 /* Group.swift in Sources */,
				723836AB1AB0D3C6007EC1FC /* GroupPanelConstraints.swift in Sources */,
				72A07EB81AA8EEE20016C61B /* BannerViewController.swift in Sources */,
				72A6228E1ACAA8CD007D1F93 /* ExpensesHandler.swift in Sources */,
				726CA7B61AAF828C00EC7DFA /* GroupHandler.swift in Sources */,
				723836AF1AB0EF4B007EC1FC /* GroupViewDelegate.swift in Sources */,
				7210F1AB1AB0D0B000C2A797 /* GroupViewController.swift in Sources */,
				7210F1AF1AB0D19200C2A797 /* ExpensesTableViewController.swift in Sources */,
				728709851AAE2BC3002FC91A /* GroupCell.swift in Sources */,
				72A622921ACAA9BD007D1F93 /* User.swift in Sources */,
			);
			runOnlyForDeploymentPostprocessing = 0;
		};
		72A07E9F1AA8EE570016C61B /* Sources */ = {
			isa = PBXSourcesBuildPhase;
			buildActionMask = 2147483647;
			files = (
				72A07EAA1AA8EE570016C61B /* iouTests.swift in Sources */,
			);
			runOnlyForDeploymentPostprocessing = 0;
		};
/* End PBXSourcesBuildPhase section */

/* Begin PBXTargetDependency section */
		72A07EA51AA8EE570016C61B /* PBXTargetDependency */ = {
			isa = PBXTargetDependency;
			target = 72A07E8D1AA8EE570016C61B /* iou */;
			targetProxy = 72A07EA41AA8EE570016C61B /* PBXContainerItemProxy */;
		};
/* End PBXTargetDependency section */

/* Begin PBXVariantGroup section */
		72A07E971AA8EE570016C61B /* Main.storyboard */ = {
			isa = PBXVariantGroup;
			children = (
				72A07E981AA8EE570016C61B /* Base */,
			);
			name = Main.storyboard;
			sourceTree = "<group>";
		};
		72A07E9C1AA8EE570016C61B /* LaunchScreen.xib */ = {
			isa = PBXVariantGroup;
			children = (
				72A07E9D1AA8EE570016C61B /* Base */,
			);
			name = LaunchScreen.xib;
			sourceTree = "<group>";
		};
/* End PBXVariantGroup section */

/* Begin XCBuildConfiguration section */
		72A07EAB1AA8EE570016C61B /* Debug */ = {
			isa = XCBuildConfiguration;
			buildSettings = {
				ALWAYS_SEARCH_USER_PATHS = NO;
				CLANG_CXX_LANGUAGE_STANDARD = "gnu++0x";
				CLANG_CXX_LIBRARY = "libc++";
				CLANG_ENABLE_MODULES = YES;
				CLANG_ENABLE_OBJC_ARC = YES;
				CLANG_WARN_BOOL_CONVERSION = YES;
				CLANG_WARN_CONSTANT_CONVERSION = YES;
				CLANG_WARN_DIRECT_OBJC_ISA_USAGE = YES_ERROR;
				CLANG_WARN_EMPTY_BODY = YES;
				CLANG_WARN_ENUM_CONVERSION = YES;
				CLANG_WARN_INT_CONVERSION = YES;
				CLANG_WARN_OBJC_ROOT_CLASS = YES_ERROR;
				CLANG_WARN_UNREACHABLE_CODE = YES;
				CLANG_WARN__DUPLICATE_METHOD_MATCH = YES;
				"CODE_SIGN_IDENTITY[sdk=iphoneos*]" = "iPhone Developer";
				COPY_PHASE_STRIP = NO;
				ENABLE_STRICT_OBJC_MSGSEND = YES;
				GCC_C_LANGUAGE_STANDARD = gnu99;
				GCC_DYNAMIC_NO_PIC = NO;
				GCC_OPTIMIZATION_LEVEL = 0;
				GCC_PREPROCESSOR_DEFINITIONS = (
					"DEBUG=1",
					"$(inherited)",
				);
				GCC_SYMBOLS_PRIVATE_EXTERN = NO;
				GCC_WARN_64_TO_32_BIT_CONVERSION = YES;
				GCC_WARN_ABOUT_RETURN_TYPE = YES_ERROR;
				GCC_WARN_UNDECLARED_SELECTOR = YES;
				GCC_WARN_UNINITIALIZED_AUTOS = YES_AGGRESSIVE;
				GCC_WARN_UNUSED_FUNCTION = YES;
				GCC_WARN_UNUSED_VARIABLE = YES;
				IPHONEOS_DEPLOYMENT_TARGET = 8.1;
				MTL_ENABLE_DEBUG_INFO = YES;
				ONLY_ACTIVE_ARCH = YES;
				SDKROOT = iphoneos;
				SWIFT_OPTIMIZATION_LEVEL = "-Onone";
				TARGETED_DEVICE_FAMILY = "1,2";
			};
			name = Debug;
		};
		72A07EAC1AA8EE570016C61B /* Release */ = {
			isa = XCBuildConfiguration;
			buildSettings = {
				ALWAYS_SEARCH_USER_PATHS = NO;
				CLANG_CXX_LANGUAGE_STANDARD = "gnu++0x";
				CLANG_CXX_LIBRARY = "libc++";
				CLANG_ENABLE_MODULES = YES;
				CLANG_ENABLE_OBJC_ARC = YES;
				CLANG_WARN_BOOL_CONVERSION = YES;
				CLANG_WARN_CONSTANT_CONVERSION = YES;
				CLANG_WARN_DIRECT_OBJC_ISA_USAGE = YES_ERROR;
				CLANG_WARN_EMPTY_BODY = YES;
				CLANG_WARN_ENUM_CONVERSION = YES;
				CLANG_WARN_INT_CONVERSION = YES;
				CLANG_WARN_OBJC_ROOT_CLASS = YES_ERROR;
				CLANG_WARN_UNREACHABLE_CODE = YES;
				CLANG_WARN__DUPLICATE_METHOD_MATCH = YES;
				"CODE_SIGN_IDENTITY[sdk=iphoneos*]" = "iPhone Developer";
				COPY_PHASE_STRIP = YES;
				ENABLE_NS_ASSERTIONS = NO;
				ENABLE_STRICT_OBJC_MSGSEND = YES;
				GCC_C_LANGUAGE_STANDARD = gnu99;
				GCC_WARN_64_TO_32_BIT_CONVERSION = YES;
				GCC_WARN_ABOUT_RETURN_TYPE = YES_ERROR;
				GCC_WARN_UNDECLARED_SELECTOR = YES;
				GCC_WARN_UNINITIALIZED_AUTOS = YES_AGGRESSIVE;
				GCC_WARN_UNUSED_FUNCTION = YES;
				GCC_WARN_UNUSED_VARIABLE = YES;
				IPHONEOS_DEPLOYMENT_TARGET = 8.1;
				MTL_ENABLE_DEBUG_INFO = NO;
				SDKROOT = iphoneos;
				TARGETED_DEVICE_FAMILY = "1,2";
				VALIDATE_PRODUCT = YES;
			};
			name = Release;
		};
		72A07EAE1AA8EE570016C61B /* Debug */ = {
			isa = XCBuildConfiguration;
			baseConfigurationReference = 108EFFAC047710158FD90D5B /* Pods.debug.xcconfig */;
			buildSettings = {
				ASSETCATALOG_COMPILER_APPICON_NAME = AppIcon;
				CODE_SIGN_IDENTITY = "iPhone Developer";
				"CODE_SIGN_IDENTITY[sdk=iphoneos*]" = "iPhone Developer";
				INFOPLIST_FILE = iou/Info.plist;
				LD_RUNPATH_SEARCH_PATHS = "$(inherited) @executable_path/Frameworks";
				PRODUCT_NAME = "$(TARGET_NAME)";
				PROVISIONING_PROFILE = "";
				SWIFT_OBJC_BRIDGING_HEADER = "iou-Bridging-Header.h";
			};
			name = Debug;
		};
		72A07EAF1AA8EE570016C61B /* Release */ = {
			isa = XCBuildConfiguration;
			baseConfigurationReference = D2B058942AEB75EDD9D3A13E /* Pods.release.xcconfig */;
			buildSettings = {
				ASSETCATALOG_COMPILER_APPICON_NAME = AppIcon;
				CODE_SIGN_IDENTITY = "iPhone Developer";
				"CODE_SIGN_IDENTITY[sdk=iphoneos*]" = "iPhone Developer";
				INFOPLIST_FILE = iou/Info.plist;
				LD_RUNPATH_SEARCH_PATHS = "$(inherited) @executable_path/Frameworks";
				PRODUCT_NAME = "$(TARGET_NAME)";
				PROVISIONING_PROFILE = "";
				SWIFT_OBJC_BRIDGING_HEADER = "iou-Bridging-Header.h";
			};
			name = Release;
		};
		72A07EB11AA8EE570016C61B /* Debug */ = {
			isa = XCBuildConfiguration;
			buildSettings = {
				BUNDLE_LOADER = "$(TEST_HOST)";
				FRAMEWORK_SEARCH_PATHS = (
					"$(SDKROOT)/Developer/Library/Frameworks",
					"$(inherited)",
				);
				GCC_PREPROCESSOR_DEFINITIONS = (
					"DEBUG=1",
					"$(inherited)",
				);
				INFOPLIST_FILE = iouTests/Info.plist;
				LD_RUNPATH_SEARCH_PATHS = "$(inherited) @executable_path/Frameworks @loader_path/Frameworks";
				PRODUCT_NAME = "$(TARGET_NAME)";
				TEST_HOST = "$(BUILT_PRODUCTS_DIR)/iou.app/iou";
			};
			name = Debug;
		};
		72A07EB21AA8EE570016C61B /* Release */ = {
			isa = XCBuildConfiguration;
			buildSettings = {
				BUNDLE_LOADER = "$(TEST_HOST)";
				FRAMEWORK_SEARCH_PATHS = (
					"$(SDKROOT)/Developer/Library/Frameworks",
					"$(inherited)",
				);
				INFOPLIST_FILE = iouTests/Info.plist;
				LD_RUNPATH_SEARCH_PATHS = "$(inherited) @executable_path/Frameworks @loader_path/Frameworks";
				PRODUCT_NAME = "$(TARGET_NAME)";
				TEST_HOST = "$(BUILT_PRODUCTS_DIR)/iou.app/iou";
			};
			name = Release;
		};
/* End XCBuildConfiguration section */

/* Begin XCConfigurationList section */
		72A07E891AA8EE570016C61B /* Build configuration list for PBXProject "iou" */ = {
			isa = XCConfigurationList;
			buildConfigurations = (
				72A07EAB1AA8EE570016C61B /* Debug */,
				72A07EAC1AA8EE570016C61B /* Release */,
			);
			defaultConfigurationIsVisible = 0;
			defaultConfigurationName = Release;
		};
		72A07EAD1AA8EE570016C61B /* Build configuration list for PBXNativeTarget "iou" */ = {
			isa = XCConfigurationList;
			buildConfigurations = (
				72A07EAE1AA8EE570016C61B /* Debug */,
				72A07EAF1AA8EE570016C61B /* Release */,
			);
			defaultConfigurationIsVisible = 0;
			defaultConfigurationName = Release;
		};
		72A07EB01AA8EE570016C61B /* Build configuration list for PBXNativeTarget "iouTests" */ = {
			isa = XCConfigurationList;
			buildConfigurations = (
				72A07EB11AA8EE570016C61B /* Debug */,
				72A07EB21AA8EE570016C61B /* Release */,
			);
			defaultConfigurationIsVisible = 0;
			defaultConfigurationName = Release;
		};
/* End XCConfigurationList section */
	};
	rootObject = 72A07E861AA8EE570016C61B /* Project object */;
}
