// !$*UTF8*$!
{
	archiveVersion = 1;
	classes = {
	};
	objectVersion = 46;
	objects = {

/* Begin PBXBuildFile section */
		324F4043C0BD4852EA7800F2 /* icon57.png in Resources */ = {isa = PBXBuildFile; fileRef = 324F41D1D21E1DD27959DE66 /* icon57.png */; };
		324F411763E5A5E92E6FB5B4 /* icon58.png in Resources */ = {isa = PBXBuildFile; fileRef = 324F466C05BDC74BB23E7847 /* icon58.png */; };
		324F42476448A7D2DD191DA3 /* ExpensesTableViewController.swift in Sources */ = {isa = PBXBuildFile; fileRef = 324F49628FF839A4846854F0 /* ExpensesTableViewController.swift */; };
		324F4274D329909A8F666D2A /* icon72.png in Resources */ = {isa = PBXBuildFile; fileRef = 324F4A4862246ED76A6D78D8 /* icon72.png */; };
		324F4333581ED909FF013921 /* icon87.png in Resources */ = {isa = PBXBuildFile; fileRef = 324F4C8832D25802B855AF14 /* icon87.png */; };
		324F4387932CACB38DD40972 /* icon50.png in Resources */ = {isa = PBXBuildFile; fileRef = 324F4CC1D717A936E3642710 /* icon50.png */; };
		324F4448186EC3E5EDD10357 /* createIcons.sh in Resources */ = {isa = PBXBuildFile; fileRef = 324F4C366A56ACD496520723 /* createIcons.sh */; };
		324F45537F53F575E89941E7 /* icon144.png in Resources */ = {isa = PBXBuildFile; fileRef = 324F47E696165C4C590D7E7A /* icon144.png */; };
		324F45D52440B66D251C1FEE /* icon40.png in Resources */ = {isa = PBXBuildFile; fileRef = 324F4CC971F7C76DFB2C777F /* icon40.png */; };
		324F46BE441F9F95424CAA6D /* calculator61.svg in Resources */ = {isa = PBXBuildFile; fileRef = 324F42DECD74BCB965804AB3 /* calculator61.svg */; };
		324F47F734466F805D842251 /* icon80.png in Resources */ = {isa = PBXBuildFile; fileRef = 324F4490846D30F2B786284B /* icon80.png */; };
		324F484BFC2CF014B271ED73 /* icon76.png in Resources */ = {isa = PBXBuildFile; fileRef = 324F4EE5A9964F19916B6FE7 /* icon76.png */; };
		324F48D6E482430B3C35AB46 /* icon180.png in Resources */ = {isa = PBXBuildFile; fileRef = 324F4536F9316028F53503A9 /* icon180.png */; };
		324F4972E9DCF6828BD8546F /* icon100.png in Resources */ = {isa = PBXBuildFile; fileRef = 324F417E13605489857EA04C /* icon100.png */; };
		324F4ADC5688AF8580985862 /* icon29.png in Resources */ = {isa = PBXBuildFile; fileRef = 324F483FA4ACA79CFAE72B5D /* icon29.png */; };
		324F4C75CD7F8FCF7FACC4CC /* GroupViewController.swift in Sources */ = {isa = PBXBuildFile; fileRef = 324F40E6C93EFE5A7CCD2E7C /* GroupViewController.swift */; };
		324F4CC3C1572A5AA9BDE8AF /* GroupViewController.swift in Sources */ = {isa = PBXBuildFile; fileRef = 324F40E6C93EFE5A7CCD2E7C /* GroupViewController.swift */; };
		324F4E047D9604CA6EE0F390 /* NewExpense.swift in Sources */ = {isa = PBXBuildFile; fileRef = 324F47187392CBE52F6C2AF4 /* NewExpense.swift */; };
		324F4E97BC7B69ED80A483BA /* icon114.png in Resources */ = {isa = PBXBuildFile; fileRef = 324F478FCA82B77DE247616A /* icon114.png */; };
		324F4F68779E63C4CDB70C9A /* icon120.png in Resources */ = {isa = PBXBuildFile; fileRef = 324F4C871FB1E1A9609FDA95 /* icon120.png */; };
		324F4FFBB54BC722445298B5 /* icon152.png in Resources */ = {isa = PBXBuildFile; fileRef = 324F46F3988E5E92F0732427 /* icon152.png */; };
		6A6FEC0F1BD24C8E00FE19FC /* DateUtilTests.swift in Sources */ = {isa = PBXBuildFile; fileRef = 6A6FEC0E1BD24C8E00FE19FC /* DateUtilTests.swift */; };
		6A6FEC121BD25C4500FE19FC /* GroupTests.swift in Sources */ = {isa = PBXBuildFile; fileRef = 6A6FEC111BD25C4500FE19FC /* GroupTests.swift */; };
		6A6FEC141BD2664D00FE19FC /* LogInHandler.swift in Sources */ = {isa = PBXBuildFile; fileRef = 6A6FEC131BD2664D00FE19FC /* LogInHandler.swift */; };
		6A6FEC171BD3919E00FE19FC /* LoginViewController.swift in Sources */ = {isa = PBXBuildFile; fileRef = 6A6FEC161BD3919E00FE19FC /* LoginViewController.swift */; };
		6A6FEC191BD39C7200FE19FC /* AccessToken.swift in Sources */ = {isa = PBXBuildFile; fileRef = 6A6FEC181BD39C7200FE19FC /* AccessToken.swift */; };
		6A6FEC1A1BD39C7200FE19FC /* AccessToken.swift in Sources */ = {isa = PBXBuildFile; fileRef = 6A6FEC181BD39C7200FE19FC /* AccessToken.swift */; };
		6A6FEC1E1BD39EDD00FE19FC /* LogInHandlerTests.swift in Sources */ = {isa = PBXBuildFile; fileRef = 6A6FEC1C1BD39EDD00FE19FC /* LogInHandlerTests.swift */; };
		6AED41F31BD3A0F900053831 /* LogInHandler.swift in Sources */ = {isa = PBXBuildFile; fileRef = 6A6FEC131BD2664D00FE19FC /* LogInHandler.swift */; };
		6AED41F91BD3B8A700053831 /* SignUpHandler.swift in Sources */ = {isa = PBXBuildFile; fileRef = 6AED41F81BD3B8A700053831 /* SignUpHandler.swift */; };
		6AED41FA1BD3B8A700053831 /* SignUpHandler.swift in Sources */ = {isa = PBXBuildFile; fileRef = 6AED41F81BD3B8A700053831 /* SignUpHandler.swift */; };
		6AED41FC1BD3B8B600053831 /* ResetPasswordHandler.swift in Sources */ = {isa = PBXBuildFile; fileRef = 6AED41FB1BD3B8B600053831 /* ResetPasswordHandler.swift */; };
		6AED41FD1BD3B8B600053831 /* ResetPasswordHandler.swift in Sources */ = {isa = PBXBuildFile; fileRef = 6AED41FB1BD3B8B600053831 /* ResetPasswordHandler.swift */; };
		6AED41FF1BD3C04700053831 /* SignUpResponse.swift in Sources */ = {isa = PBXBuildFile; fileRef = 6AED41FE1BD3C04700053831 /* SignUpResponse.swift */; };
		6AED42001BD3C04700053831 /* SignUpResponse.swift in Sources */ = {isa = PBXBuildFile; fileRef = 6AED41FE1BD3C04700053831 /* SignUpResponse.swift */; };
		6AED42061BD3D04E00053831 /* ResetPasswordHandlerTests.swift in Sources */ = {isa = PBXBuildFile; fileRef = 6AED42041BD3D04E00053831 /* ResetPasswordHandlerTests.swift */; };
		6AED42081BD3DCE600053831 /* fontawesome-webfont.ttf in Resources */ = {isa = PBXBuildFile; fileRef = 6AED42071BD3DCE600053831 /* fontawesome-webfont.ttf */; };
		6AED420B1BD3EBAD00053831 /* DefaultLoginViewController.swift in Sources */ = {isa = PBXBuildFile; fileRef = 6AED420A1BD3EBAD00053831 /* DefaultLoginViewController.swift */; };
		6AED420E1BD3EC9600053831 /* ForgotPasswordViewController.swift in Sources */ = {isa = PBXBuildFile; fileRef = 6AED420D1BD3EC9600053831 /* ForgotPasswordViewController.swift */; };
		6AED42111BD4071A00053831 /* CommonComponents.swift in Sources */ = {isa = PBXBuildFile; fileRef = 6AED42101BD4071A00053831 /* CommonComponents.swift */; };
		6AED42121BD4071A00053831 /* CommonComponents.swift in Sources */ = {isa = PBXBuildFile; fileRef = 6AED42101BD4071A00053831 /* CommonComponents.swift */; };
		6AED42141BD4170400053831 /* DefaultLoginViewController.swift in Sources */ = {isa = PBXBuildFile; fileRef = 6AED420A1BD3EBAD00053831 /* DefaultLoginViewController.swift */; };
		6AED42151BD4171500053831 /* LoginViewController.swift in Sources */ = {isa = PBXBuildFile; fileRef = 6A6FEC161BD3919E00FE19FC /* LoginViewController.swift */; };
		6AED42161BD4173600053831 /* ForgotPasswordViewController.swift in Sources */ = {isa = PBXBuildFile; fileRef = 6AED420D1BD3EC9600053831 /* ForgotPasswordViewController.swift */; };
		7208835A1BD013ED001A716A /* SwiftHTTP.framework in Frameworks */ = {isa = PBXBuildFile; fileRef = 72E973A11AF3993300ECB4CD /* SwiftHTTP.framework */; };
		7208835C1BD01C03001A716A /* GroupList.swift in Sources */ = {isa = PBXBuildFile; fileRef = 7208835B1BD01C03001A716A /* GroupList.swift */; };
		7208835E1BD01E2C001A716A /* GroupHandlerTests.swift in Sources */ = {isa = PBXBuildFile; fileRef = 7208835D1BD01E2C001A716A /* GroupHandlerTests.swift */; };
		7208835F1BD01F86001A716A /* GroupList.swift in Sources */ = {isa = PBXBuildFile; fileRef = 7208835B1BD01C03001A716A /* GroupList.swift */; };
		720883611BD02B9E001A716A /* ExpenseList.swift in Sources */ = {isa = PBXBuildFile; fileRef = 720883601BD02B9E001A716A /* ExpenseList.swift */; };
		720883621BD02B9E001A716A /* ExpenseList.swift in Sources */ = {isa = PBXBuildFile; fileRef = 720883601BD02B9E001A716A /* ExpenseList.swift */; };
		720883661BD5653B001A716A /* SettingsViewController.swift in Sources */ = {isa = PBXBuildFile; fileRef = 720883651BD5653B001A716A /* SettingsViewController.swift */; };
		7208E0401BD6BC1700D1A248 /* AppDelegate.swift in Sources */ = {isa = PBXBuildFile; fileRef = 72A07E931AA8EE570016C61B /* AppDelegate.swift */; };
		7208E0421BD6BDBE00D1A248 /* UserHandler.swift in Sources */ = {isa = PBXBuildFile; fileRef = 7208E0411BD6BDBE00D1A248 /* UserHandler.swift */; };
		7208E0431BD6BDBE00D1A248 /* UserHandler.swift in Sources */ = {isa = PBXBuildFile; fileRef = 7208E0411BD6BDBE00D1A248 /* UserHandler.swift */; };
		7208E0461BD6BEB800D1A248 /* UserHandlerTests.swift in Sources */ = {isa = PBXBuildFile; fileRef = 7208E0441BD6BEB800D1A248 /* UserHandlerTests.swift */; };
		7208E0481BD6C80700D1A248 /* API.swift in Sources */ = {isa = PBXBuildFile; fileRef = 7208E0471BD6C80700D1A248 /* API.swift */; };
		7208E0491BD6C80700D1A248 /* API.swift in Sources */ = {isa = PBXBuildFile; fileRef = 7208E0471BD6C80700D1A248 /* API.swift */; };
		7208E04B1BD6CFCB00D1A248 /* APITests.swift in Sources */ = {isa = PBXBuildFile; fileRef = 7208E04A1BD6CFCB00D1A248 /* APITests.swift */; };
		7208E04D1BD80ADC00D1A248 /* Pods.framework in Embed Frameworks */ = {isa = PBXBuildFile; fileRef = 92CDB8D3053FAB98FE86BDBD /* Pods.framework */; settings = {ATTRIBUTES = (CodeSignOnCopy, RemoveHeadersOnCopy, ); }; };
		7224B9BE1BD5787B00414CF5 /* SummaryHeaderView.swift in Sources */ = {isa = PBXBuildFile; fileRef = 7224B9BD1BD5787B00414CF5 /* SummaryHeaderView.swift */; };
		7224B9C01BD5788700414CF5 /* SummaryTableCell.swift in Sources */ = {isa = PBXBuildFile; fileRef = 7224B9BF1BD5788700414CF5 /* SummaryTableCell.swift */; };
		7224B9C31BD6AE0500414CF5 /* EditGroup.swift in Sources */ = {isa = PBXBuildFile; fileRef = 7224B9C21BD6AE0500414CF5 /* EditGroup.swift */; };
		7224B9C51BD6AE1300414CF5 /* EditExpense.swift in Sources */ = {isa = PBXBuildFile; fileRef = 7224B9C41BD6AE1300414CF5 /* EditExpense.swift */; };
		7224B9C71BD6AF1700414CF5 /* AddParticipantsToExpenseTableViewController.swift in Sources */ = {isa = PBXBuildFile; fileRef = 7224B9C61BD6AF1700414CF5 /* AddParticipantsToExpenseTableViewController.swift */; };
		7224B9C81BD6BA2200414CF5 /* SummaryTableCell.swift in Sources */ = {isa = PBXBuildFile; fileRef = 7224B9BF1BD5788700414CF5 /* SummaryTableCell.swift */; };
		7224B9C91BD6BA2C00414CF5 /* SummaryHeaderView.swift in Sources */ = {isa = PBXBuildFile; fileRef = 7224B9BD1BD5787B00414CF5 /* SummaryHeaderView.swift */; };
		7224B9CA1BD6BA3400414CF5 /* AddParticipantsToExpenseTableViewController.swift in Sources */ = {isa = PBXBuildFile; fileRef = 7224B9C61BD6AF1700414CF5 /* AddParticipantsToExpenseTableViewController.swift */; };
		7224B9CB1BD6BA3600414CF5 /* EditExpense.swift in Sources */ = {isa = PBXBuildFile; fileRef = 7224B9C41BD6AE1300414CF5 /* EditExpense.swift */; };
		7224B9CC1BD6BA3800414CF5 /* EditGroup.swift in Sources */ = {isa = PBXBuildFile; fileRef = 7224B9C21BD6AE0500414CF5 /* EditGroup.swift */; };
		7224B9CD1BD6BA7F00414CF5 /* FAHelpers.swift in Sources */ = {isa = PBXBuildFile; fileRef = 725707181AF14AA800180A45 /* FAHelpers.swift */; };
		7224B9CE1BD6BA8600414CF5 /* SettingsViewController.swift in Sources */ = {isa = PBXBuildFile; fileRef = 720883651BD5653B001A716A /* SettingsViewController.swift */; };
		72289D1B1ACFD4DB0073C60C /* SummaryTableViewController.swift in Sources */ = {isa = PBXBuildFile; fileRef = 72289D1A1ACFD4DB0073C60C /* SummaryTableViewController.swift */; };
		7237DC401AD2CB9C00A29256 /* SummaryItem.swift in Sources */ = {isa = PBXBuildFile; fileRef = 7237DC3F1AD2CB9C00A29256 /* SummaryItem.swift */; };
		723836AB1AB0D3C6007EC1FC /* GroupPanelConstraints.swift in Sources */ = {isa = PBXBuildFile; fileRef = 723836AA1AB0D3C6007EC1FC /* GroupPanelConstraints.swift */; };
		724ACD1B1AB0AA6100DFA724 /* Podfile in Resources */ = {isa = PBXBuildFile; fileRef = 724ACD1A1AB0AA6100DFA724 /* Podfile */; };
		725707191AF14AA800180A45 /* FAHelpers.swift in Sources */ = {isa = PBXBuildFile; fileRef = 725707181AF14AA800180A45 /* FAHelpers.swift */; };
		7257071B1AF14EC000180A45 /* Extensions.swift in Sources */ = {isa = PBXBuildFile; fileRef = 7257071A1AF14EC000180A45 /* Extensions.swift */; };
		726CA7B61AAF828C00EC7DFA /* GroupHandler.swift in Sources */ = {isa = PBXBuildFile; fileRef = 726CA7B51AAF828C00EC7DFA /* GroupHandler.swift */; };
		728709871AAE2E14002FC91A /* HeaderViewController.swift in Sources */ = {isa = PBXBuildFile; fileRef = 728709861AAE2E14002FC91A /* HeaderViewController.swift */; };
		728E98511BD94DCE0002C8EB /* AddMemberToGroupTableViewController.swift in Sources */ = {isa = PBXBuildFile; fileRef = 728E98501BD94DCE0002C8EB /* AddMemberToGroupTableViewController.swift */; };
		728E98521BD94DCE0002C8EB /* AddMemberToGroupTableViewController.swift in Sources */ = {isa = PBXBuildFile; fileRef = 728E98501BD94DCE0002C8EB /* AddMemberToGroupTableViewController.swift */; };
		728E98541BD94FB90002C8EB /* UserList.swift in Sources */ = {isa = PBXBuildFile; fileRef = 728E98531BD94FB90002C8EB /* UserList.swift */; };
		728E98551BD94FB90002C8EB /* UserList.swift in Sources */ = {isa = PBXBuildFile; fileRef = 728E98531BD94FB90002C8EB /* UserList.swift */; };
		72A07E941AA8EE570016C61B /* AppDelegate.swift in Sources */ = {isa = PBXBuildFile; fileRef = 72A07E931AA8EE570016C61B /* AppDelegate.swift */; };
		72A07E991AA8EE570016C61B /* Main.storyboard in Resources */ = {isa = PBXBuildFile; fileRef = 72A07E971AA8EE570016C61B /* Main.storyboard */; };
		72A07E9B1AA8EE570016C61B /* Images.xcassets in Resources */ = {isa = PBXBuildFile; fileRef = 72A07E9A1AA8EE570016C61B /* Images.xcassets */; };
		72A07E9E1AA8EE570016C61B /* LaunchScreen.xib in Resources */ = {isa = PBXBuildFile; fileRef = 72A07E9C1AA8EE570016C61B /* LaunchScreen.xib */; };
		72A07EB61AA8EED60016C61B /* MainViewController.swift in Sources */ = {isa = PBXBuildFile; fileRef = 72A07EB51AA8EED60016C61B /* MainViewController.swift */; };
		72A07EBA1AA8EEF60016C61B /* ProfileViewController.swift in Sources */ = {isa = PBXBuildFile; fileRef = 72A07EB91AA8EEF60016C61B /* ProfileViewController.swift */; };
		72A07EBC1AA8EF1D0016C61B /* GroupListTableViewController.swift in Sources */ = {isa = PBXBuildFile; fileRef = 72A07EBB1AA8EF1D0016C61B /* GroupListTableViewController.swift */; };
		72A6228E1ACAA8CD007D1F93 /* ExpensesHandler.swift in Sources */ = {isa = PBXBuildFile; fileRef = 72A6228D1ACAA8CD007D1F93 /* ExpensesHandler.swift */; };
		72A622901ACAA936007D1F93 /* Group.swift in Sources */ = {isa = PBXBuildFile; fileRef = 72A6228F1ACAA936007D1F93 /* Group.swift */; };
		72A622921ACAA9BD007D1F93 /* User.swift in Sources */ = {isa = PBXBuildFile; fileRef = 72A622911ACAA9BD007D1F93 /* User.swift */; };
		72A622941ACAAD3F007D1F93 /* Expense.swift in Sources */ = {isa = PBXBuildFile; fileRef = 72A622931ACAAD3F007D1F93 /* Expense.swift */; };
		72A622961ACB1521007D1F93 /* ExpenseCell.swift in Sources */ = {isa = PBXBuildFile; fileRef = 72A622951ACB1521007D1F93 /* ExpenseCell.swift */; };
		72A6229C1ACC05EF007D1F93 /* TableViewHeader.swift in Sources */ = {isa = PBXBuildFile; fileRef = 72A6229B1ACC05EF007D1F93 /* TableViewHeader.swift */; };
		72A6229F1ACC3BD2007D1F93 /* DateUtils.swift in Sources */ = {isa = PBXBuildFile; fileRef = 72A6229E1ACC3BD2007D1F93 /* DateUtils.swift */; };
		72E973A41AF39B6000ECB4CD /* ExpenseTests.swift in Sources */ = {isa = PBXBuildFile; fileRef = 72E973A31AF39B6000ECB4CD /* ExpenseTests.swift */; };
		72E973A51AF39BCB00ECB4CD /* Expense.swift in Sources */ = {isa = PBXBuildFile; fileRef = 72A622931ACAAD3F007D1F93 /* Expense.swift */; };
		72E973A61AF39C5300ECB4CD /* User.swift in Sources */ = {isa = PBXBuildFile; fileRef = 72A622911ACAA9BD007D1F93 /* User.swift */; };
		72E973A81AF39C5900ECB4CD /* Group.swift in Sources */ = {isa = PBXBuildFile; fileRef = 72A6228F1ACAA936007D1F93 /* Group.swift */; };
		72E973A91AF39C5C00ECB4CD /* GroupPanelConstraints.swift in Sources */ = {isa = PBXBuildFile; fileRef = 723836AA1AB0D3C6007EC1FC /* GroupPanelConstraints.swift */; };
		72E973B21AF39CA300ECB4CD /* SummaryTableViewController.swift in Sources */ = {isa = PBXBuildFile; fileRef = 72289D1A1ACFD4DB0073C60C /* SummaryTableViewController.swift */; };
		72E973B41AF39CA300ECB4CD /* ExpenseCell.swift in Sources */ = {isa = PBXBuildFile; fileRef = 72A622951ACB1521007D1F93 /* ExpenseCell.swift */; };
		72E973B51AF39CA300ECB4CD /* TableViewHeader.swift in Sources */ = {isa = PBXBuildFile; fileRef = 72A6229B1ACC05EF007D1F93 /* TableViewHeader.swift */; };
		72E973B81AF39CAC00ECB4CD /* GroupHandler.swift in Sources */ = {isa = PBXBuildFile; fileRef = 726CA7B51AAF828C00EC7DFA /* GroupHandler.swift */; };
		72E973B91AF39CAC00ECB4CD /* ExpensesHandler.swift in Sources */ = {isa = PBXBuildFile; fileRef = 72A6228D1ACAA8CD007D1F93 /* ExpensesHandler.swift */; };
		72E973BB1AF39CAF00ECB4CD /* ProfileViewController.swift in Sources */ = {isa = PBXBuildFile; fileRef = 72A07EB91AA8EEF60016C61B /* ProfileViewController.swift */; };
		72E973BC1AF39CAF00ECB4CD /* HeaderViewController.swift in Sources */ = {isa = PBXBuildFile; fileRef = 728709861AAE2E14002FC91A /* HeaderViewController.swift */; };
		72E973BD1AF39CAF00ECB4CD /* GroupListTableViewController.swift in Sources */ = {isa = PBXBuildFile; fileRef = 72A07EBB1AA8EF1D0016C61B /* GroupListTableViewController.swift */; };
		72E973C01AF39CB400ECB4CD /* MainViewController.swift in Sources */ = {isa = PBXBuildFile; fileRef = 72A07EB51AA8EED60016C61B /* MainViewController.swift */; };
		72E973C11AF39D8900ECB4CD /* SummaryItem.swift in Sources */ = {isa = PBXBuildFile; fileRef = 7237DC3F1AD2CB9C00A29256 /* SummaryItem.swift */; };
		72E973C21AF39DA400ECB4CD /* DateUtils.swift in Sources */ = {isa = PBXBuildFile; fileRef = 72A6229E1ACC3BD2007D1F93 /* DateUtils.swift */; };
		72E973C31AF39DB600ECB4CD /* Extensions.swift in Sources */ = {isa = PBXBuildFile; fileRef = 7257071A1AF14EC000180A45 /* Extensions.swift */; };
		CAC64B624C87775EE6B98DFE /* Pods.framework in Frameworks */ = {isa = PBXBuildFile; fileRef = 92CDB8D3053FAB98FE86BDBD /* Pods.framework */; };
		DF66FBDA0A85055F9A3020C4 /* Pods.framework in Frameworks */ = {isa = PBXBuildFile; fileRef = 92CDB8D3053FAB98FE86BDBD /* Pods.framework */; };
/* End PBXBuildFile section */

/* Begin PBXContainerItemProxy section */
		72A07EA41AA8EE570016C61B /* PBXContainerItemProxy */ = {
			isa = PBXContainerItemProxy;
			containerPortal = 72A07E861AA8EE570016C61B /* Project object */;
			proxyType = 1;
			remoteGlobalIDString = 72A07E8D1AA8EE570016C61B;
			remoteInfo = iou;
		};
/* End PBXContainerItemProxy section */

/* Begin PBXCopyFilesBuildPhase section */
		7208E04E1BD80ADC00D1A248 /* Embed Frameworks */ = {
			isa = PBXCopyFilesBuildPhase;
			buildActionMask = 2147483647;
			dstPath = "";
			dstSubfolderSpec = 10;
			files = (
				7208E04D1BD80ADC00D1A248 /* Pods.framework in Embed Frameworks */,
			);
			name = "Embed Frameworks";
			runOnlyForDeploymentPostprocessing = 0;
		};
/* End PBXCopyFilesBuildPhase section */

/* Begin PBXFileReference section */
		108EFFAC047710158FD90D5B /* Pods.debug.xcconfig */ = {isa = PBXFileReference; includeInIndex = 1; lastKnownFileType = text.xcconfig; name = Pods.debug.xcconfig; path = "Pods/Target Support Files/Pods/Pods.debug.xcconfig"; sourceTree = "<group>"; };
		324F40E6C93EFE5A7CCD2E7C /* GroupViewController.swift */ = {isa = PBXFileReference; fileEncoding = 4; lastKnownFileType = sourcecode.swift; path = GroupViewController.swift; sourceTree = "<group>"; };
		324F417E13605489857EA04C /* icon100.png */ = {isa = PBXFileReference; lastKnownFileType = image.png; path = icon100.png; sourceTree = "<group>"; };
		324F41D1D21E1DD27959DE66 /* icon57.png */ = {isa = PBXFileReference; lastKnownFileType = image.png; path = icon57.png; sourceTree = "<group>"; };
		324F42DECD74BCB965804AB3 /* calculator61.svg */ = {isa = PBXFileReference; lastKnownFileType = file.svg; path = calculator61.svg; sourceTree = "<group>"; };
		324F4490846D30F2B786284B /* icon80.png */ = {isa = PBXFileReference; lastKnownFileType = image.png; path = icon80.png; sourceTree = "<group>"; };
		324F4536F9316028F53503A9 /* icon180.png */ = {isa = PBXFileReference; lastKnownFileType = image.png; path = icon180.png; sourceTree = "<group>"; };
		324F466C05BDC74BB23E7847 /* icon58.png */ = {isa = PBXFileReference; lastKnownFileType = image.png; path = icon58.png; sourceTree = "<group>"; };
		324F46F3988E5E92F0732427 /* icon152.png */ = {isa = PBXFileReference; lastKnownFileType = image.png; path = icon152.png; sourceTree = "<group>"; };
		324F47187392CBE52F6C2AF4 /* NewExpense.swift */ = {isa = PBXFileReference; fileEncoding = 4; lastKnownFileType = sourcecode.swift; path = NewExpense.swift; sourceTree = "<group>"; };
		324F478FCA82B77DE247616A /* icon114.png */ = {isa = PBXFileReference; lastKnownFileType = image.png; path = icon114.png; sourceTree = "<group>"; };
		324F47E696165C4C590D7E7A /* icon144.png */ = {isa = PBXFileReference; lastKnownFileType = image.png; path = icon144.png; sourceTree = "<group>"; };
		324F483FA4ACA79CFAE72B5D /* icon29.png */ = {isa = PBXFileReference; lastKnownFileType = image.png; path = icon29.png; sourceTree = "<group>"; };
		324F49628FF839A4846854F0 /* ExpensesTableViewController.swift */ = {isa = PBXFileReference; fileEncoding = 4; lastKnownFileType = sourcecode.swift; path = ExpensesTableViewController.swift; sourceTree = "<group>"; };
		324F4A4862246ED76A6D78D8 /* icon72.png */ = {isa = PBXFileReference; lastKnownFileType = image.png; path = icon72.png; sourceTree = "<group>"; };
		324F4C366A56ACD496520723 /* createIcons.sh */ = {isa = PBXFileReference; fileEncoding = 4; lastKnownFileType = text.script.sh; path = createIcons.sh; sourceTree = "<group>"; };
		324F4C871FB1E1A9609FDA95 /* icon120.png */ = {isa = PBXFileReference; lastKnownFileType = image.png; path = icon120.png; sourceTree = "<group>"; };
		324F4C8832D25802B855AF14 /* icon87.png */ = {isa = PBXFileReference; lastKnownFileType = image.png; path = icon87.png; sourceTree = "<group>"; };
		324F4CC1D717A936E3642710 /* icon50.png */ = {isa = PBXFileReference; lastKnownFileType = image.png; path = icon50.png; sourceTree = "<group>"; };
		324F4CC971F7C76DFB2C777F /* icon40.png */ = {isa = PBXFileReference; lastKnownFileType = image.png; path = icon40.png; sourceTree = "<group>"; };
		324F4EE5A9964F19916B6FE7 /* icon76.png */ = {isa = PBXFileReference; lastKnownFileType = image.png; path = icon76.png; sourceTree = "<group>"; };
		6A6FEC0E1BD24C8E00FE19FC /* DateUtilTests.swift */ = {isa = PBXFileReference; fileEncoding = 4; lastKnownFileType = sourcecode.swift; path = DateUtilTests.swift; sourceTree = "<group>"; };
		6A6FEC111BD25C4500FE19FC /* GroupTests.swift */ = {isa = PBXFileReference; fileEncoding = 4; lastKnownFileType = sourcecode.swift; path = GroupTests.swift; sourceTree = "<group>"; };
		6A6FEC131BD2664D00FE19FC /* LogInHandler.swift */ = {isa = PBXFileReference; fileEncoding = 4; lastKnownFileType = sourcecode.swift; path = LogInHandler.swift; sourceTree = "<group>"; };
		6A6FEC161BD3919E00FE19FC /* LoginViewController.swift */ = {isa = PBXFileReference; fileEncoding = 4; lastKnownFileType = sourcecode.swift; path = LoginViewController.swift; sourceTree = "<group>"; };
		6A6FEC181BD39C7200FE19FC /* AccessToken.swift */ = {isa = PBXFileReference; fileEncoding = 4; lastKnownFileType = sourcecode.swift; path = AccessToken.swift; sourceTree = "<group>"; };
		6A6FEC1C1BD39EDD00FE19FC /* LogInHandlerTests.swift */ = {isa = PBXFileReference; fileEncoding = 4; lastKnownFileType = sourcecode.swift; path = LogInHandlerTests.swift; sourceTree = "<group>"; };
		6AED41F81BD3B8A700053831 /* SignUpHandler.swift */ = {isa = PBXFileReference; fileEncoding = 4; lastKnownFileType = sourcecode.swift; path = SignUpHandler.swift; sourceTree = "<group>"; };
		6AED41FB1BD3B8B600053831 /* ResetPasswordHandler.swift */ = {isa = PBXFileReference; fileEncoding = 4; lastKnownFileType = sourcecode.swift; path = ResetPasswordHandler.swift; sourceTree = "<group>"; };
		6AED41FE1BD3C04700053831 /* SignUpResponse.swift */ = {isa = PBXFileReference; fileEncoding = 4; lastKnownFileType = sourcecode.swift; path = SignUpResponse.swift; sourceTree = "<group>"; };
		6AED42041BD3D04E00053831 /* ResetPasswordHandlerTests.swift */ = {isa = PBXFileReference; fileEncoding = 4; lastKnownFileType = sourcecode.swift; path = ResetPasswordHandlerTests.swift; sourceTree = "<group>"; };
		6AED42071BD3DCE600053831 /* fontawesome-webfont.ttf */ = {isa = PBXFileReference; lastKnownFileType = file; path = "fontawesome-webfont.ttf"; sourceTree = "<group>"; };
		6AED420A1BD3EBAD00053831 /* DefaultLoginViewController.swift */ = {isa = PBXFileReference; fileEncoding = 4; lastKnownFileType = sourcecode.swift; path = DefaultLoginViewController.swift; sourceTree = "<group>"; };
		6AED420D1BD3EC9600053831 /* ForgotPasswordViewController.swift */ = {isa = PBXFileReference; fileEncoding = 4; lastKnownFileType = sourcecode.swift; path = ForgotPasswordViewController.swift; sourceTree = "<group>"; };
		6AED42101BD4071A00053831 /* CommonComponents.swift */ = {isa = PBXFileReference; fileEncoding = 4; lastKnownFileType = sourcecode.swift; path = CommonComponents.swift; sourceTree = "<group>"; };
		7208835B1BD01C03001A716A /* GroupList.swift */ = {isa = PBXFileReference; fileEncoding = 4; lastKnownFileType = sourcecode.swift; path = GroupList.swift; sourceTree = "<group>"; };
		7208835D1BD01E2C001A716A /* GroupHandlerTests.swift */ = {isa = PBXFileReference; fileEncoding = 4; lastKnownFileType = sourcecode.swift; path = GroupHandlerTests.swift; sourceTree = "<group>"; };
		720883601BD02B9E001A716A /* ExpenseList.swift */ = {isa = PBXFileReference; fileEncoding = 4; lastKnownFileType = sourcecode.swift; path = ExpenseList.swift; sourceTree = "<group>"; };
		720883651BD5653B001A716A /* SettingsViewController.swift */ = {isa = PBXFileReference; fileEncoding = 4; lastKnownFileType = sourcecode.swift; path = SettingsViewController.swift; sourceTree = "<group>"; };
		7208E0411BD6BDBE00D1A248 /* UserHandler.swift */ = {isa = PBXFileReference; fileEncoding = 4; lastKnownFileType = sourcecode.swift; path = UserHandler.swift; sourceTree = "<group>"; };
		7208E0441BD6BEB800D1A248 /* UserHandlerTests.swift */ = {isa = PBXFileReference; fileEncoding = 4; lastKnownFileType = sourcecode.swift; path = UserHandlerTests.swift; sourceTree = "<group>"; };
		7208E0471BD6C80700D1A248 /* API.swift */ = {isa = PBXFileReference; fileEncoding = 4; lastKnownFileType = sourcecode.swift; path = API.swift; sourceTree = "<group>"; };
		7208E04A1BD6CFCB00D1A248 /* APITests.swift */ = {isa = PBXFileReference; fileEncoding = 4; lastKnownFileType = sourcecode.swift; path = APITests.swift; sourceTree = "<group>"; };
		7224B9BD1BD5787B00414CF5 /* SummaryHeaderView.swift */ = {isa = PBXFileReference; fileEncoding = 4; lastKnownFileType = sourcecode.swift; path = SummaryHeaderView.swift; sourceTree = "<group>"; };
		7224B9BF1BD5788700414CF5 /* SummaryTableCell.swift */ = {isa = PBXFileReference; fileEncoding = 4; lastKnownFileType = sourcecode.swift; path = SummaryTableCell.swift; sourceTree = "<group>"; };
		7224B9C21BD6AE0500414CF5 /* EditGroup.swift */ = {isa = PBXFileReference; fileEncoding = 4; lastKnownFileType = sourcecode.swift; path = EditGroup.swift; sourceTree = "<group>"; };
		7224B9C41BD6AE1300414CF5 /* EditExpense.swift */ = {isa = PBXFileReference; fileEncoding = 4; lastKnownFileType = sourcecode.swift; path = EditExpense.swift; sourceTree = "<group>"; };
		7224B9C61BD6AF1700414CF5 /* AddParticipantsToExpenseTableViewController.swift */ = {isa = PBXFileReference; fileEncoding = 4; lastKnownFileType = sourcecode.swift; path = AddParticipantsToExpenseTableViewController.swift; sourceTree = "<group>"; };
		72289D1A1ACFD4DB0073C60C /* SummaryTableViewController.swift */ = {isa = PBXFileReference; fileEncoding = 4; lastKnownFileType = sourcecode.swift; path = SummaryTableViewController.swift; sourceTree = "<group>"; };
		7237DC3F1AD2CB9C00A29256 /* SummaryItem.swift */ = {isa = PBXFileReference; fileEncoding = 4; lastKnownFileType = sourcecode.swift; path = SummaryItem.swift; sourceTree = "<group>"; };
		723836AA1AB0D3C6007EC1FC /* GroupPanelConstraints.swift */ = {isa = PBXFileReference; fileEncoding = 4; lastKnownFileType = sourcecode.swift; path = GroupPanelConstraints.swift; sourceTree = "<group>"; };
		724ACD1A1AB0AA6100DFA724 /* Podfile */ = {isa = PBXFileReference; fileEncoding = 4; lastKnownFileType = text; path = Podfile; sourceTree = SOURCE_ROOT; xcLanguageSpecificationIdentifier = xcode.lang.ruby; };
		725707181AF14AA800180A45 /* FAHelpers.swift */ = {isa = PBXFileReference; fileEncoding = 4; lastKnownFileType = sourcecode.swift; path = FAHelpers.swift; sourceTree = "<group>"; };
		7257071A1AF14EC000180A45 /* Extensions.swift */ = {isa = PBXFileReference; fileEncoding = 4; lastKnownFileType = sourcecode.swift; path = Extensions.swift; sourceTree = "<group>"; };
		7266E30B1ACD5021006C54D0 /* Pods-frameworks.sh */ = {isa = PBXFileReference; lastKnownFileType = text.script.sh; name = "Pods-frameworks.sh"; path = "Pods/Target Support Files/Pods/Pods-frameworks.sh"; sourceTree = "<group>"; };
		7266E30D1ACD6146006C54D0 /* iou-Bridging-Header.h */ = {isa = PBXFileReference; fileEncoding = 4; lastKnownFileType = sourcecode.c.h; path = "iou-Bridging-Header.h"; sourceTree = "<group>"; };
		726CA7B51AAF828C00EC7DFA /* GroupHandler.swift */ = {isa = PBXFileReference; fileEncoding = 4; lastKnownFileType = sourcecode.swift; path = GroupHandler.swift; sourceTree = "<group>"; };
		728709861AAE2E14002FC91A /* HeaderViewController.swift */ = {isa = PBXFileReference; fileEncoding = 4; lastKnownFileType = sourcecode.swift; path = HeaderViewController.swift; sourceTree = "<group>"; };
		728E98501BD94DCE0002C8EB /* AddMemberToGroupTableViewController.swift */ = {isa = PBXFileReference; fileEncoding = 4; lastKnownFileType = sourcecode.swift; path = AddMemberToGroupTableViewController.swift; sourceTree = "<group>"; };
		728E98531BD94FB90002C8EB /* UserList.swift */ = {isa = PBXFileReference; fileEncoding = 4; lastKnownFileType = sourcecode.swift; path = UserList.swift; sourceTree = "<group>"; };
		72A07E8E1AA8EE570016C61B /* iou.app */ = {isa = PBXFileReference; explicitFileType = wrapper.application; includeInIndex = 0; path = iou.app; sourceTree = BUILT_PRODUCTS_DIR; };
		72A07E921AA8EE570016C61B /* Info.plist */ = {isa = PBXFileReference; lastKnownFileType = text.plist.xml; path = Info.plist; sourceTree = "<group>"; };
		72A07E931AA8EE570016C61B /* AppDelegate.swift */ = {isa = PBXFileReference; lastKnownFileType = sourcecode.swift; path = AppDelegate.swift; sourceTree = "<group>"; };
		72A07E981AA8EE570016C61B /* Base */ = {isa = PBXFileReference; lastKnownFileType = file.storyboard; name = Base; path = Base.lproj/Main.storyboard; sourceTree = "<group>"; };
		72A07E9A1AA8EE570016C61B /* Images.xcassets */ = {isa = PBXFileReference; lastKnownFileType = folder.assetcatalog; path = Images.xcassets; sourceTree = "<group>"; };
		72A07E9D1AA8EE570016C61B /* Base */ = {isa = PBXFileReference; lastKnownFileType = file.xib; name = Base; path = Base.lproj/LaunchScreen.xib; sourceTree = "<group>"; };
		72A07EA31AA8EE570016C61B /* iouTests.xctest */ = {isa = PBXFileReference; explicitFileType = wrapper.cfbundle; includeInIndex = 0; path = iouTests.xctest; sourceTree = BUILT_PRODUCTS_DIR; };
		72A07EA81AA8EE570016C61B /* Info.plist */ = {isa = PBXFileReference; lastKnownFileType = text.plist.xml; path = Info.plist; sourceTree = "<group>"; };
		72A07EB51AA8EED60016C61B /* MainViewController.swift */ = {isa = PBXFileReference; fileEncoding = 4; lastKnownFileType = sourcecode.swift; path = MainViewController.swift; sourceTree = "<group>"; };
		72A07EB91AA8EEF60016C61B /* ProfileViewController.swift */ = {isa = PBXFileReference; fileEncoding = 4; lastKnownFileType = sourcecode.swift; path = ProfileViewController.swift; sourceTree = "<group>"; };
		72A07EBB1AA8EF1D0016C61B /* GroupListTableViewController.swift */ = {isa = PBXFileReference; fileEncoding = 4; lastKnownFileType = sourcecode.swift; path = GroupListTableViewController.swift; sourceTree = "<group>"; };
		72A6228D1ACAA8CD007D1F93 /* ExpensesHandler.swift */ = {isa = PBXFileReference; fileEncoding = 4; lastKnownFileType = sourcecode.swift; path = ExpensesHandler.swift; sourceTree = "<group>"; };
		72A6228F1ACAA936007D1F93 /* Group.swift */ = {isa = PBXFileReference; fileEncoding = 4; lastKnownFileType = sourcecode.swift; path = Group.swift; sourceTree = "<group>"; };
		72A622911ACAA9BD007D1F93 /* User.swift */ = {isa = PBXFileReference; fileEncoding = 4; lastKnownFileType = sourcecode.swift; path = User.swift; sourceTree = "<group>"; };
		72A622931ACAAD3F007D1F93 /* Expense.swift */ = {isa = PBXFileReference; fileEncoding = 4; lastKnownFileType = sourcecode.swift; path = Expense.swift; sourceTree = "<group>"; };
		72A622951ACB1521007D1F93 /* ExpenseCell.swift */ = {isa = PBXFileReference; fileEncoding = 4; lastKnownFileType = sourcecode.swift; path = ExpenseCell.swift; sourceTree = "<group>"; };
		72A6229B1ACC05EF007D1F93 /* TableViewHeader.swift */ = {isa = PBXFileReference; fileEncoding = 4; lastKnownFileType = sourcecode.swift; path = TableViewHeader.swift; sourceTree = "<group>"; };
		72A6229E1ACC3BD2007D1F93 /* DateUtils.swift */ = {isa = PBXFileReference; fileEncoding = 4; lastKnownFileType = sourcecode.swift; path = DateUtils.swift; sourceTree = "<group>"; };
		72E973A11AF3993300ECB4CD /* SwiftHTTP.framework */ = {isa = PBXFileReference; lastKnownFileType = wrapper.framework; name = SwiftHTTP.framework; path = "Pods/../build/Debug-iphoneos/Pods/SwiftHTTP.framework"; sourceTree = "<group>"; };
		72E973A31AF39B6000ECB4CD /* ExpenseTests.swift */ = {isa = PBXFileReference; fileEncoding = 4; lastKnownFileType = sourcecode.swift; path = ExpenseTests.swift; sourceTree = "<group>"; };
		92CDB8D3053FAB98FE86BDBD /* Pods.framework */ = {isa = PBXFileReference; explicitFileType = wrapper.framework; includeInIndex = 0; path = Pods.framework; sourceTree = BUILT_PRODUCTS_DIR; };
		D2B058942AEB75EDD9D3A13E /* Pods.release.xcconfig */ = {isa = PBXFileReference; includeInIndex = 1; lastKnownFileType = text.xcconfig; name = Pods.release.xcconfig; path = "Pods/Target Support Files/Pods/Pods.release.xcconfig"; sourceTree = "<group>"; };
		E97500AD37526B522B944778 /* Pods_iou.framework */ = {isa = PBXFileReference; explicitFileType = wrapper.framework; includeInIndex = 0; path = Pods_iou.framework; sourceTree = BUILT_PRODUCTS_DIR; };
/* End PBXFileReference section */

/* Begin PBXFrameworksBuildPhase section */
		72A07E8B1AA8EE570016C61B /* Frameworks */ = {
			isa = PBXFrameworksBuildPhase;
			buildActionMask = 2147483647;
			files = (
				DF66FBDA0A85055F9A3020C4 /* Pods.framework in Frameworks */,
			);
			runOnlyForDeploymentPostprocessing = 0;
		};
		72A07EA01AA8EE570016C61B /* Frameworks */ = {
			isa = PBXFrameworksBuildPhase;
			buildActionMask = 2147483647;
			files = (
				7208835A1BD013ED001A716A /* SwiftHTTP.framework in Frameworks */,
				CAC64B624C87775EE6B98DFE /* Pods.framework in Frameworks */,
			);
			runOnlyForDeploymentPostprocessing = 0;
		};
/* End PBXFrameworksBuildPhase section */

/* Begin PBXGroup section */
		324F41A82ECEAB0B1FA016D3 /* resources */ = {
			isa = PBXGroup;
			children = (
				324F42DECD74BCB965804AB3 /* calculator61.svg */,
				324F4C366A56ACD496520723 /* createIcons.sh */,
				324F4CC971F7C76DFB2C777F /* icon40.png */,
				324F4C8832D25802B855AF14 /* icon87.png */,
				324F4EE5A9964F19916B6FE7 /* icon76.png */,
				324F4CC1D717A936E3642710 /* icon50.png */,
				324F4C871FB1E1A9609FDA95 /* icon120.png */,
				324F466C05BDC74BB23E7847 /* icon58.png */,
				324F4490846D30F2B786284B /* icon80.png */,
				324F46F3988E5E92F0732427 /* icon152.png */,
				324F41D1D21E1DD27959DE66 /* icon57.png */,
				324F4536F9316028F53503A9 /* icon180.png */,
				324F417E13605489857EA04C /* icon100.png */,
				324F478FCA82B77DE247616A /* icon114.png */,
				324F4A4862246ED76A6D78D8 /* icon72.png */,
				324F483FA4ACA79CFAE72B5D /* icon29.png */,
				324F47E696165C4C590D7E7A /* icon144.png */,
			);
			path = resources;
			sourceTree = "<group>";
		};
		6A6FEC101BD25C3300FE19FC /* modelTests */ = {
			isa = PBXGroup;
			children = (
				6A6FEC111BD25C4500FE19FC /* GroupTests.swift */,
			);
			name = modelTests;
			sourceTree = "<group>";
		};
		6A6FEC151BD3918F00FE19FC /* Login */ = {
			isa = PBXGroup;
			children = (
				6A6FEC161BD3919E00FE19FC /* LoginViewController.swift */,
				6AED420A1BD3EBAD00053831 /* DefaultLoginViewController.swift */,
				6AED420D1BD3EC9600053831 /* ForgotPasswordViewController.swift */,
			);
			name = Login;
			sourceTree = "<group>";
		};
		6A6FEC1B1BD39EC500FE19FC /* HandlerTests */ = {
			isa = PBXGroup;
			children = (
				72E973A31AF39B6000ECB4CD /* ExpenseTests.swift */,
				7208835D1BD01E2C001A716A /* GroupHandlerTests.swift */,
				6A6FEC1C1BD39EDD00FE19FC /* LogInHandlerTests.swift */,
				6AED42041BD3D04E00053831 /* ResetPasswordHandlerTests.swift */,
				7208E0441BD6BEB800D1A248 /* UserHandlerTests.swift */,
				7208E04A1BD6CFCB00D1A248 /* APITests.swift */,
			);
			name = HandlerTests;
			sourceTree = "<group>";
		};
		720883631BD56523001A716A /* ViewController */ = {
			isa = PBXGroup;
			children = (
				6A6FEC151BD3918F00FE19FC /* Login */,
				720883671BD566F3001A716A /* Overview */,
				7210F1B21AB0D1B100C2A797 /* GroupView */,
				720883641BD5652D001A716A /* Settings */,
			);
			name = ViewController;
			sourceTree = "<group>";
		};
		720883641BD5652D001A716A /* Settings */ = {
			isa = PBXGroup;
			children = (
				720883651BD5653B001A716A /* SettingsViewController.swift */,
			);
			name = Settings;
			sourceTree = "<group>";
		};
		720883671BD566F3001A716A /* Overview */ = {
			isa = PBXGroup;
			children = (
				720883681BD5686B001A716A /* GroupOverview */,
				72A07EB51AA8EED60016C61B /* MainViewController.swift */,
				72A07EB91AA8EEF60016C61B /* ProfileViewController.swift */,
			);
			name = Overview;
			sourceTree = "<group>";
		};
		720883681BD5686B001A716A /* GroupOverview */ = {
			isa = PBXGroup;
			children = (
				728709861AAE2E14002FC91A /* HeaderViewController.swift */,
				72A07EBB1AA8EF1D0016C61B /* GroupListTableViewController.swift */,
			);
			name = GroupOverview;
			sourceTree = "<group>";
		};
		7210F1B21AB0D1B100C2A797 /* GroupView */ = {
			isa = PBXGroup;
			children = (
				7224B9C11BD6ADF400414CF5 /* Forms */,
				7224B9BB1BD5781500414CF5 /* Summary */,
				7224B9BC1BD5781B00414CF5 /* Expenses */,
				324F40E6C93EFE5A7CCD2E7C /* GroupViewController.swift */,
			);
			name = GroupView;
			sourceTree = "<group>";
		};
		7224B9BB1BD5781500414CF5 /* Summary */ = {
			isa = PBXGroup;
			children = (
				72289D1A1ACFD4DB0073C60C /* SummaryTableViewController.swift */,
				7224B9BD1BD5787B00414CF5 /* SummaryHeaderView.swift */,
				7224B9BF1BD5788700414CF5 /* SummaryTableCell.swift */,
			);
			name = Summary;
			sourceTree = "<group>";
		};
		7224B9BC1BD5781B00414CF5 /* Expenses */ = {
			isa = PBXGroup;
			children = (
				72A6229B1ACC05EF007D1F93 /* TableViewHeader.swift */,
				72A622951ACB1521007D1F93 /* ExpenseCell.swift */,
				324F49628FF839A4846854F0 /* ExpensesTableViewController.swift */,
			);
			name = Expenses;
			sourceTree = "<group>";
		};
		7224B9C11BD6ADF400414CF5 /* Forms */ = {
			isa = PBXGroup;
			children = (
				7224B9C21BD6AE0500414CF5 /* EditGroup.swift */,
				7224B9C41BD6AE1300414CF5 /* EditExpense.swift */,
				7224B9C61BD6AF1700414CF5 /* AddParticipantsToExpenseTableViewController.swift */,
				728E98501BD94DCE0002C8EB /* AddMemberToGroupTableViewController.swift */,
				324F47187392CBE52F6C2AF4 /* NewExpense.swift */,
			);
			name = Forms;
			sourceTree = "<group>";
		};
		726CA7B41AAF827B00EC7DFA /* BackendStuffs */ = {
			isa = PBXGroup;
			children = (
				726CA7B51AAF828C00EC7DFA /* GroupHandler.swift */,
				72A6228D1ACAA8CD007D1F93 /* ExpensesHandler.swift */,
				6A6FEC131BD2664D00FE19FC /* LogInHandler.swift */,
				6AED41F81BD3B8A700053831 /* SignUpHandler.swift */,
				6AED41FB1BD3B8B600053831 /* ResetPasswordHandler.swift */,
				7208E0411BD6BDBE00D1A248 /* UserHandler.swift */,
				7208E0471BD6C80700D1A248 /* API.swift */,
			);
			name = BackendStuffs;
			sourceTree = "<group>";
		};
		72A07E851AA8EE570016C61B = {
			isa = PBXGroup;
			children = (
				7266E30D1ACD6146006C54D0 /* iou-Bridging-Header.h */,
				72A07E901AA8EE570016C61B /* iou */,
				72A07EA61AA8EE570016C61B /* iouTests */,
				72A07E8F1AA8EE570016C61B /* Products */,
				F71147F93E6A9B04F93853C0 /* Pods */,
				ED47D28500EC19252C3E1252 /* Frameworks */,
			);
			sourceTree = "<group>";
		};
		72A07E8F1AA8EE570016C61B /* Products */ = {
			isa = PBXGroup;
			children = (
				72A07E8E1AA8EE570016C61B /* iou.app */,
				72A07EA31AA8EE570016C61B /* iouTests.xctest */,
			);
			name = Products;
			sourceTree = "<group>";
		};
		72A07E901AA8EE570016C61B /* iou */ = {
			isa = PBXGroup;
			children = (
				726CA7B41AAF827B00EC7DFA /* BackendStuffs */,
				72B7B9661AACD726007E4AC9 /* Models */,
				720883631BD56523001A716A /* ViewController */,
				72A6229D1ACC3BC6007D1F93 /* Util */,
				72A07E931AA8EE570016C61B /* AppDelegate.swift */,
				72A07E971AA8EE570016C61B /* Main.storyboard */,
				72A07E9A1AA8EE570016C61B /* Images.xcassets */,
				72A07E9C1AA8EE570016C61B /* LaunchScreen.xib */,
				724ACD1A1AB0AA6100DFA724 /* Podfile */,
				72A07E911AA8EE570016C61B /* Supporting Files */,
				324F41A82ECEAB0B1FA016D3 /* resources */,
			);
			path = iou;
			sourceTree = "<group>";
		};
		72A07E911AA8EE570016C61B /* Supporting Files */ = {
			isa = PBXGroup;
			children = (
				6AED42071BD3DCE600053831 /* fontawesome-webfont.ttf */,
				72A07E921AA8EE570016C61B /* Info.plist */,
			);
			name = "Supporting Files";
			sourceTree = "<group>";
		};
		72A07EA61AA8EE570016C61B /* iouTests */ = {
			isa = PBXGroup;
			children = (
				6A6FEC1B1BD39EC500FE19FC /* HandlerTests */,
				6A6FEC101BD25C3300FE19FC /* modelTests */,
				72A07EA71AA8EE570016C61B /* Supporting Files */,
				6A6FEC0E1BD24C8E00FE19FC /* DateUtilTests.swift */,
			);
			path = iouTests;
			sourceTree = "<group>";
		};
		72A07EA71AA8EE570016C61B /* Supporting Files */ = {
			isa = PBXGroup;
			children = (
				72A07EA81AA8EE570016C61B /* Info.plist */,
			);
			name = "Supporting Files";
			sourceTree = "<group>";
		};
		72A6229D1ACC3BC6007D1F93 /* Util */ = {
			isa = PBXGroup;
			children = (
				72A6229E1ACC3BD2007D1F93 /* DateUtils.swift */,
				725707181AF14AA800180A45 /* FAHelpers.swift */,
				7257071A1AF14EC000180A45 /* Extensions.swift */,
				6AED42101BD4071A00053831 /* CommonComponents.swift */,
			);
			name = Util;
			sourceTree = "<group>";
		};
		72B7B9661AACD726007E4AC9 /* Models */ = {
			isa = PBXGroup;
			children = (
				723836AA1AB0D3C6007EC1FC /* GroupPanelConstraints.swift */,
				72A6228F1ACAA936007D1F93 /* Group.swift */,
				72A622911ACAA9BD007D1F93 /* User.swift */,
				728E98531BD94FB90002C8EB /* UserList.swift */,
				72A622931ACAAD3F007D1F93 /* Expense.swift */,
				7237DC3F1AD2CB9C00A29256 /* SummaryItem.swift */,
				7208835B1BD01C03001A716A /* GroupList.swift */,
				720883601BD02B9E001A716A /* ExpenseList.swift */,
				6A6FEC181BD39C7200FE19FC /* AccessToken.swift */,
				6AED41FE1BD3C04700053831 /* SignUpResponse.swift */,
			);
			name = Models;
			sourceTree = "<group>";
		};
		ED47D28500EC19252C3E1252 /* Frameworks */ = {
			isa = PBXGroup;
			children = (
				72E973A11AF3993300ECB4CD /* SwiftHTTP.framework */,
				7266E30B1ACD5021006C54D0 /* Pods-frameworks.sh */,
				92CDB8D3053FAB98FE86BDBD /* Pods.framework */,
				E97500AD37526B522B944778 /* Pods_iou.framework */,
			);
			name = Frameworks;
			sourceTree = "<group>";
		};
		F71147F93E6A9B04F93853C0 /* Pods */ = {
			isa = PBXGroup;
			children = (
				108EFFAC047710158FD90D5B /* Pods.debug.xcconfig */,
				D2B058942AEB75EDD9D3A13E /* Pods.release.xcconfig */,
			);
			name = Pods;
			sourceTree = "<group>";
		};
/* End PBXGroup section */

/* Begin PBXNativeTarget section */
		72A07E8D1AA8EE570016C61B /* iou */ = {
			isa = PBXNativeTarget;
			buildConfigurationList = 72A07EAD1AA8EE570016C61B /* Build configuration list for PBXNativeTarget "iou" */;
			buildPhases = (
				992347316F6D1A97DDDA9F88 /* Check Pods Manifest.lock */,
				72A07E8A1AA8EE570016C61B /* Sources */,
				72A07E8B1AA8EE570016C61B /* Frameworks */,
				72A07E8C1AA8EE570016C61B /* Resources */,
				C1A48F6D09EC8627EA4D0863 /* Embed Pods Frameworks */,
				5E1E746473F5D2132FF9DC31 /* Copy Pods Resources */,
				7208E04E1BD80ADC00D1A248 /* Embed Frameworks */,
			);
			buildRules = (
			);
			dependencies = (
			);
			name = iou;
			productName = iou;
			productReference = 72A07E8E1AA8EE570016C61B /* iou.app */;
			productType = "com.apple.product-type.application";
		};
		72A07EA21AA8EE570016C61B /* iouTests */ = {
			isa = PBXNativeTarget;
			buildConfigurationList = 72A07EB01AA8EE570016C61B /* Build configuration list for PBXNativeTarget "iouTests" */;
			buildPhases = (
				2782415C66B65D196C2C1007 /* Check Pods Manifest.lock */,
				72A07E9F1AA8EE570016C61B /* Sources */,
				72A07EA01AA8EE570016C61B /* Frameworks */,
				72A07EA11AA8EE570016C61B /* Resources */,
				4890B8CF63AA1641EE73CCE5 /* Embed Pods Frameworks */,
				166210517F95F4AEF8B4D199 /* Copy Pods Resources */,
			);
			buildRules = (
			);
			dependencies = (
				72A07EA51AA8EE570016C61B /* PBXTargetDependency */,
			);
			name = iouTests;
			productName = iouTests;
			productReference = 72A07EA31AA8EE570016C61B /* iouTests.xctest */;
			productType = "com.apple.product-type.bundle.unit-test";
		};
/* End PBXNativeTarget section */

/* Begin PBXProject section */
		72A07E861AA8EE570016C61B /* Project object */ = {
			isa = PBXProject;
			attributes = {
				LastSwiftMigration = 0700;
				LastSwiftUpdateCheck = 0700;
				LastUpgradeCheck = 0700;
				ORGANIZATIONNAME = "APM solutions";
				TargetAttributes = {
					72A07E8D1AA8EE570016C61B = {
						CreatedOnToolsVersion = 6.1.1;
						DevelopmentTeam = E9A359GGU4;
					};
					72A07EA21AA8EE570016C61B = {
						CreatedOnToolsVersion = 6.1.1;
						TestTargetID = 72A07E8D1AA8EE570016C61B;
					};
				};
			};
			buildConfigurationList = 72A07E891AA8EE570016C61B /* Build configuration list for PBXProject "iou" */;
			compatibilityVersion = "Xcode 3.2";
			developmentRegion = English;
			hasScannedForEncodings = 0;
			knownRegions = (
				en,
				Base,
			);
			mainGroup = 72A07E851AA8EE570016C61B;
			productRefGroup = 72A07E8F1AA8EE570016C61B /* Products */;
			projectDirPath = "";
			projectRoot = "";
			targets = (
				72A07E8D1AA8EE570016C61B /* iou */,
				72A07EA21AA8EE570016C61B /* iouTests */,
			);
		};
/* End PBXProject section */

/* Begin PBXResourcesBuildPhase section */
		72A07E8C1AA8EE570016C61B /* Resources */ = {
			isa = PBXResourcesBuildPhase;
			buildActionMask = 2147483647;
			files = (
				72A07E991AA8EE570016C61B /* Main.storyboard in Resources */,
				72A07E9E1AA8EE570016C61B /* LaunchScreen.xib in Resources */,
				6AED42081BD3DCE600053831 /* fontawesome-webfont.ttf in Resources */,
				724ACD1B1AB0AA6100DFA724 /* Podfile in Resources */,
				72A07E9B1AA8EE570016C61B /* Images.xcassets in Resources */,
				324F46BE441F9F95424CAA6D /* calculator61.svg in Resources */,
				324F4448186EC3E5EDD10357 /* createIcons.sh in Resources */,
				324F45D52440B66D251C1FEE /* icon40.png in Resources */,
				324F484BFC2CF014B271ED73 /* icon76.png in Resources */,
				324F4333581ED909FF013921 /* icon87.png in Resources */,
				324F4387932CACB38DD40972 /* icon50.png in Resources */,
				324F4F68779E63C4CDB70C9A /* icon120.png in Resources */,
				324F411763E5A5E92E6FB5B4 /* icon58.png in Resources */,
				324F47F734466F805D842251 /* icon80.png in Resources */,
				324F4FFBB54BC722445298B5 /* icon152.png in Resources */,
				324F4043C0BD4852EA7800F2 /* icon57.png in Resources */,
				324F48D6E482430B3C35AB46 /* icon180.png in Resources */,
				324F4972E9DCF6828BD8546F /* icon100.png in Resources */,
				324F4E97BC7B69ED80A483BA /* icon114.png in Resources */,
				324F4274D329909A8F666D2A /* icon72.png in Resources */,
				324F4ADC5688AF8580985862 /* icon29.png in Resources */,
				324F45537F53F575E89941E7 /* icon144.png in Resources */,
			);
			runOnlyForDeploymentPostprocessing = 0;
		};
		72A07EA11AA8EE570016C61B /* Resources */ = {
			isa = PBXResourcesBuildPhase;
			buildActionMask = 2147483647;
			files = (
			);
			runOnlyForDeploymentPostprocessing = 0;
		};
/* End PBXResourcesBuildPhase section */

/* Begin PBXShellScriptBuildPhase section */
		166210517F95F4AEF8B4D199 /* Copy Pods Resources */ = {
			isa = PBXShellScriptBuildPhase;
			buildActionMask = 2147483647;
			files = (
			);
			inputPaths = (
			);
			name = "Copy Pods Resources";
			outputPaths = (
			);
			runOnlyForDeploymentPostprocessing = 0;
			shellPath = /bin/sh;
			shellScript = "\"${SRCROOT}/Pods/Target Support Files/Pods/Pods-resources.sh\"\n";
			showEnvVarsInLog = 0;
		};
		2782415C66B65D196C2C1007 /* Check Pods Manifest.lock */ = {
			isa = PBXShellScriptBuildPhase;
			buildActionMask = 2147483647;
			files = (
			);
			inputPaths = (
			);
			name = "Check Pods Manifest.lock";
			outputPaths = (
			);
			runOnlyForDeploymentPostprocessing = 0;
			shellPath = /bin/sh;
			shellScript = "diff \"${PODS_ROOT}/../Podfile.lock\" \"${PODS_ROOT}/Manifest.lock\" > /dev/null\nif [[ $? != 0 ]] ; then\n    cat << EOM\nerror: The sandbox is not in sync with the Podfile.lock. Run 'pod install' or update your CocoaPods installation.\nEOM\n    exit 1\nfi\n";
			showEnvVarsInLog = 0;
		};
		4890B8CF63AA1641EE73CCE5 /* Embed Pods Frameworks */ = {
			isa = PBXShellScriptBuildPhase;
			buildActionMask = 2147483647;
			files = (
			);
			inputPaths = (
			);
			name = "Embed Pods Frameworks";
			outputPaths = (
			);
			runOnlyForDeploymentPostprocessing = 0;
			shellPath = /bin/sh;
			shellScript = "\"${SRCROOT}/Pods/Target Support Files/Pods/Pods-frameworks.sh\"\n";
			showEnvVarsInLog = 0;
		};
		5E1E746473F5D2132FF9DC31 /* Copy Pods Resources */ = {
			isa = PBXShellScriptBuildPhase;
			buildActionMask = 2147483647;
			files = (
			);
			inputPaths = (
			);
			name = "Copy Pods Resources";
			outputPaths = (
			);
			runOnlyForDeploymentPostprocessing = 0;
			shellPath = /bin/sh;
			shellScript = "\"${SRCROOT}/Pods/Target Support Files/Pods/Pods-resources.sh\"\n";
			showEnvVarsInLog = 0;
		};
		992347316F6D1A97DDDA9F88 /* Check Pods Manifest.lock */ = {
			isa = PBXShellScriptBuildPhase;
			buildActionMask = 2147483647;
			files = (
			);
			inputPaths = (
			);
			name = "Check Pods Manifest.lock";
			outputPaths = (
			);
			runOnlyForDeploymentPostprocessing = 0;
			shellPath = /bin/sh;
			shellScript = "diff \"${PODS_ROOT}/../Podfile.lock\" \"${PODS_ROOT}/Manifest.lock\" > /dev/null\nif [[ $? != 0 ]] ; then\n    cat << EOM\nerror: The sandbox is not in sync with the Podfile.lock. Run 'pod install' or update your CocoaPods installation.\nEOM\n    exit 1\nfi\n";
			showEnvVarsInLog = 0;
		};
		C1A48F6D09EC8627EA4D0863 /* Embed Pods Frameworks */ = {
			isa = PBXShellScriptBuildPhase;
			buildActionMask = 2147483647;
			files = (
			);
			inputPaths = (
			);
			name = "Embed Pods Frameworks";
			outputPaths = (
			);
			runOnlyForDeploymentPostprocessing = 0;
			shellPath = /bin/sh;
			shellScript = "\"${SRCROOT}/Pods/Target Support Files/Pods/Pods-frameworks.sh\"\n";
			showEnvVarsInLog = 0;
		};
/* End PBXShellScriptBuildPhase section */

/* Begin PBXSourcesBuildPhase section */
		72A07E8A1AA8EE570016C61B /* Sources */ = {
			isa = PBXSourcesBuildPhase;
			buildActionMask = 2147483647;
			files = (
				7224B9C51BD6AE1300414CF5 /* EditExpense.swift in Sources */,
				72A07EB61AA8EED60016C61B /* MainViewController.swift in Sources */,
				6A6FEC141BD2664D00FE19FC /* LogInHandler.swift in Sources */,
				7224B9C71BD6AF1700414CF5 /* AddParticipantsToExpenseTableViewController.swift in Sources */,
				6AED42111BD4071A00053831 /* CommonComponents.swift in Sources */,
				72A6229F1ACC3BD2007D1F93 /* DateUtils.swift in Sources */,
				72A6229C1ACC05EF007D1F93 /* TableViewHeader.swift in Sources */,
				728709871AAE2E14002FC91A /* HeaderViewController.swift in Sources */,
				6AED420E1BD3EC9600053831 /* ForgotPasswordViewController.swift in Sources */,
				72A07EBC1AA8EF1D0016C61B /* GroupListTableViewController.swift in Sources */,
				7224B9BE1BD5787B00414CF5 /* SummaryHeaderView.swift in Sources */,
				72A622961ACB1521007D1F93 /* ExpenseCell.swift in Sources */,
				7237DC401AD2CB9C00A29256 /* SummaryItem.swift in Sources */,
				6A6FEC191BD39C7200FE19FC /* AccessToken.swift in Sources */,
				72A622941ACAAD3F007D1F93 /* Expense.swift in Sources */,
				6AED420B1BD3EBAD00053831 /* DefaultLoginViewController.swift in Sources */,
				72A07E941AA8EE570016C61B /* AppDelegate.swift in Sources */,
				7208E0421BD6BDBE00D1A248 /* UserHandler.swift in Sources */,
				6AED41F91BD3B8A700053831 /* SignUpHandler.swift in Sources */,
				72A07EBA1AA8EEF60016C61B /* ProfileViewController.swift in Sources */,
				6AED41FC1BD3B8B600053831 /* ResetPasswordHandler.swift in Sources */,
				725707191AF14AA800180A45 /* FAHelpers.swift in Sources */,
				72289D1B1ACFD4DB0073C60C /* SummaryTableViewController.swift in Sources */,
				720883661BD5653B001A716A /* SettingsViewController.swift in Sources */,
				72A622901ACAA936007D1F93 /* Group.swift in Sources */,
				728E98511BD94DCE0002C8EB /* AddMemberToGroupTableViewController.swift in Sources */,
				7208835C1BD01C03001A716A /* GroupList.swift in Sources */,
				6A6FEC171BD3919E00FE19FC /* LoginViewController.swift in Sources */,
				6AED41FF1BD3C04700053831 /* SignUpResponse.swift in Sources */,
				723836AB1AB0D3C6007EC1FC /* GroupPanelConstraints.swift in Sources */,
				72A6228E1ACAA8CD007D1F93 /* ExpensesHandler.swift in Sources */,
				726CA7B61AAF828C00EC7DFA /* GroupHandler.swift in Sources */,
				7224B9C01BD5788700414CF5 /* SummaryTableCell.swift in Sources */,
				7208E0481BD6C80700D1A248 /* API.swift in Sources */,
				7224B9C31BD6AE0500414CF5 /* EditGroup.swift in Sources */,
				728E98541BD94FB90002C8EB /* UserList.swift in Sources */,
				7257071B1AF14EC000180A45 /* Extensions.swift in Sources */,
				720883611BD02B9E001A716A /* ExpenseList.swift in Sources */,
				72A622921ACAA9BD007D1F93 /* User.swift in Sources */,
				324F4E047D9604CA6EE0F390 /* NewExpense.swift in Sources */,
				324F4CC3C1572A5AA9BDE8AF /* GroupViewController.swift in Sources */,
				324F42476448A7D2DD191DA3 /* ExpensesTableViewController.swift in Sources */,
			);
			runOnlyForDeploymentPostprocessing = 0;
		};
		72A07E9F1AA8EE570016C61B /* Sources */ = {
			isa = PBXSourcesBuildPhase;
			buildActionMask = 2147483647;
			files = (
				6AED42141BD4170400053831 /* DefaultLoginViewController.swift in Sources */,
				728E98551BD94FB90002C8EB /* UserList.swift in Sources */,
				728E98521BD94DCE0002C8EB /* AddMemberToGroupTableViewController.swift in Sources */,
				6AED42151BD4171500053831 /* LoginViewController.swift in Sources */,
				72E973A61AF39C5300ECB4CD /* User.swift in Sources */,
				72E973C31AF39DB600ECB4CD /* Extensions.swift in Sources */,
				72E973A51AF39BCB00ECB4CD /* Expense.swift in Sources */,
				72E973C21AF39DA400ECB4CD /* DateUtils.swift in Sources */,
				6AED42161BD4173600053831 /* ForgotPasswordViewController.swift in Sources */,
				7224B9CE1BD6BA8600414CF5 /* SettingsViewController.swift in Sources */,
				7224B9CC1BD6BA3800414CF5 /* EditGroup.swift in Sources */,
				72E973B21AF39CA300ECB4CD /* SummaryTableViewController.swift in Sources */,
				6AED42121BD4071A00053831 /* CommonComponents.swift in Sources */,
				72E973A41AF39B6000ECB4CD /* ExpenseTests.swift in Sources */,
				72E973BC1AF39CAF00ECB4CD /* HeaderViewController.swift in Sources */,
				6AED42061BD3D04E00053831 /* ResetPasswordHandlerTests.swift in Sources */,
				6A6FEC1A1BD39C7200FE19FC /* AccessToken.swift in Sources */,
				7224B9CD1BD6BA7F00414CF5 /* FAHelpers.swift in Sources */,
				7208E0431BD6BDBE00D1A248 /* UserHandler.swift in Sources */,
				72E973C11AF39D8900ECB4CD /* SummaryItem.swift in Sources */,
				72E973A81AF39C5900ECB4CD /* Group.swift in Sources */,
				6AED41FA1BD3B8A700053831 /* SignUpHandler.swift in Sources */,
				72E973C01AF39CB400ECB4CD /* MainViewController.swift in Sources */,
				7208E0401BD6BC1700D1A248 /* AppDelegate.swift in Sources */,
				6AED42001BD3C04700053831 /* SignUpResponse.swift in Sources */,
				72E973B81AF39CAC00ECB4CD /* GroupHandler.swift in Sources */,
				6A6FEC0F1BD24C8E00FE19FC /* DateUtilTests.swift in Sources */,
				6A6FEC121BD25C4500FE19FC /* GroupTests.swift in Sources */,
				72E973A91AF39C5C00ECB4CD /* GroupPanelConstraints.swift in Sources */,
				72E973BD1AF39CAF00ECB4CD /* GroupListTableViewController.swift in Sources */,
				72E973BB1AF39CAF00ECB4CD /* ProfileViewController.swift in Sources */,
				7224B9C81BD6BA2200414CF5 /* SummaryTableCell.swift in Sources */,
				7208E0461BD6BEB800D1A248 /* UserHandlerTests.swift in Sources */,
				7208835E1BD01E2C001A716A /* GroupHandlerTests.swift in Sources */,
				7224B9CA1BD6BA3400414CF5 /* AddParticipantsToExpenseTableViewController.swift in Sources */,
				7224B9CB1BD6BA3600414CF5 /* EditExpense.swift in Sources */,
				72E973B51AF39CA300ECB4CD /* TableViewHeader.swift in Sources */,
				6AED41FD1BD3B8B600053831 /* ResetPasswordHandler.swift in Sources */,
				72E973B91AF39CAC00ECB4CD /* ExpensesHandler.swift in Sources */,
				72E973B41AF39CA300ECB4CD /* ExpenseCell.swift in Sources */,
				720883621BD02B9E001A716A /* ExpenseList.swift in Sources */,
				6A6FEC1E1BD39EDD00FE19FC /* LogInHandlerTests.swift in Sources */,
				7224B9C91BD6BA2C00414CF5 /* SummaryHeaderView.swift in Sources */,
				6AED41F31BD3A0F900053831 /* LogInHandler.swift in Sources */,
				7208E04B1BD6CFCB00D1A248 /* APITests.swift in Sources */,
				7208835F1BD01F86001A716A /* GroupList.swift in Sources */,
				7208E0491BD6C80700D1A248 /* API.swift in Sources */,
				324F4C75CD7F8FCF7FACC4CC /* GroupViewController.swift in Sources */,
			);
			runOnlyForDeploymentPostprocessing = 0;
		};
/* End PBXSourcesBuildPhase section */

/* Begin PBXTargetDependency section */
		72A07EA51AA8EE570016C61B /* PBXTargetDependency */ = {
			isa = PBXTargetDependency;
			target = 72A07E8D1AA8EE570016C61B /* iou */;
			targetProxy = 72A07EA41AA8EE570016C61B /* PBXContainerItemProxy */;
		};
/* End PBXTargetDependency section */

/* Begin PBXVariantGroup section */
		72A07E971AA8EE570016C61B /* Main.storyboard */ = {
			isa = PBXVariantGroup;
			children = (
				72A07E981AA8EE570016C61B /* Base */,
			);
			name = Main.storyboard;
			sourceTree = "<group>";
		};
		72A07E9C1AA8EE570016C61B /* LaunchScreen.xib */ = {
			isa = PBXVariantGroup;
			children = (
				72A07E9D1AA8EE570016C61B /* Base */,
			);
			name = LaunchScreen.xib;
			sourceTree = "<group>";
		};
/* End PBXVariantGroup section */

/* Begin XCBuildConfiguration section */
		72A07EAB1AA8EE570016C61B /* Debug */ = {
			isa = XCBuildConfiguration;
			buildSettings = {
				ALWAYS_SEARCH_USER_PATHS = NO;
				CLANG_CXX_LANGUAGE_STANDARD = "gnu++0x";
				CLANG_CXX_LIBRARY = "libc++";
				CLANG_ENABLE_MODULES = YES;
				CLANG_ENABLE_OBJC_ARC = YES;
				CLANG_WARN_BOOL_CONVERSION = YES;
				CLANG_WARN_CONSTANT_CONVERSION = YES;
				CLANG_WARN_DIRECT_OBJC_ISA_USAGE = YES_ERROR;
				CLANG_WARN_EMPTY_BODY = YES;
				CLANG_WARN_ENUM_CONVERSION = YES;
				CLANG_WARN_INT_CONVERSION = YES;
				CLANG_WARN_OBJC_ROOT_CLASS = YES_ERROR;
				CLANG_WARN_UNREACHABLE_CODE = YES;
				CLANG_WARN__DUPLICATE_METHOD_MATCH = YES;
				"CODE_SIGN_IDENTITY[sdk=iphoneos*]" = "iPhone Developer";
				COPY_PHASE_STRIP = NO;
				ENABLE_STRICT_OBJC_MSGSEND = YES;
				ENABLE_TESTABILITY = YES;
				GCC_C_LANGUAGE_STANDARD = gnu99;
				GCC_DYNAMIC_NO_PIC = NO;
				GCC_OPTIMIZATION_LEVEL = 0;
				GCC_PREPROCESSOR_DEFINITIONS = (
					"DEBUG=1",
					"$(inherited)",
				);
				GCC_SYMBOLS_PRIVATE_EXTERN = NO;
				GCC_WARN_64_TO_32_BIT_CONVERSION = YES;
				GCC_WARN_ABOUT_RETURN_TYPE = YES_ERROR;
				GCC_WARN_UNDECLARED_SELECTOR = YES;
				GCC_WARN_UNINITIALIZED_AUTOS = YES_AGGRESSIVE;
				GCC_WARN_UNUSED_FUNCTION = YES;
				GCC_WARN_UNUSED_VARIABLE = YES;
				IPHONEOS_DEPLOYMENT_TARGET = 8.1;
				MTL_ENABLE_DEBUG_INFO = YES;
				ONLY_ACTIVE_ARCH = YES;
				SDKROOT = iphoneos;
				SWIFT_OPTIMIZATION_LEVEL = "-Onone";
				TARGETED_DEVICE_FAMILY = "1,2";
			};
			name = Debug;
		};
		72A07EAC1AA8EE570016C61B /* Release */ = {
			isa = XCBuildConfiguration;
			buildSettings = {
				ALWAYS_SEARCH_USER_PATHS = NO;
				CLANG_CXX_LANGUAGE_STANDARD = "gnu++0x";
				CLANG_CXX_LIBRARY = "libc++";
				CLANG_ENABLE_MODULES = YES;
				CLANG_ENABLE_OBJC_ARC = YES;
				CLANG_WARN_BOOL_CONVERSION = YES;
				CLANG_WARN_CONSTANT_CONVERSION = YES;
				CLANG_WARN_DIRECT_OBJC_ISA_USAGE = YES_ERROR;
				CLANG_WARN_EMPTY_BODY = YES;
				CLANG_WARN_ENUM_CONVERSION = YES;
				CLANG_WARN_INT_CONVERSION = YES;
				CLANG_WARN_OBJC_ROOT_CLASS = YES_ERROR;
				CLANG_WARN_UNREACHABLE_CODE = YES;
				CLANG_WARN__DUPLICATE_METHOD_MATCH = YES;
				"CODE_SIGN_IDENTITY[sdk=iphoneos*]" = "iPhone Developer";
				COPY_PHASE_STRIP = YES;
				ENABLE_NS_ASSERTIONS = NO;
				ENABLE_STRICT_OBJC_MSGSEND = YES;
				GCC_C_LANGUAGE_STANDARD = gnu99;
				GCC_WARN_64_TO_32_BIT_CONVERSION = YES;
				GCC_WARN_ABOUT_RETURN_TYPE = YES_ERROR;
				GCC_WARN_UNDECLARED_SELECTOR = YES;
				GCC_WARN_UNINITIALIZED_AUTOS = YES_AGGRESSIVE;
				GCC_WARN_UNUSED_FUNCTION = YES;
				GCC_WARN_UNUSED_VARIABLE = YES;
				IPHONEOS_DEPLOYMENT_TARGET = 8.1;
				MTL_ENABLE_DEBUG_INFO = NO;
				SDKROOT = iphoneos;
				TARGETED_DEVICE_FAMILY = "1,2";
				VALIDATE_PRODUCT = YES;
			};
			name = Release;
		};
		72A07EAE1AA8EE570016C61B /* Debug */ = {
			isa = XCBuildConfiguration;
			baseConfigurationReference = 108EFFAC047710158FD90D5B /* Pods.debug.xcconfig */;
			buildSettings = {
				ASSETCATALOG_COMPILER_APPICON_NAME = AppIcon;
				CODE_SIGN_IDENTITY = "iPhone Developer: Knut Nygaard (5GK5JYF47Q)";
				"CODE_SIGN_IDENTITY[sdk=iphoneos*]" = "iPhone Developer";
				FRAMEWORK_SEARCH_PATHS = (
					"$(inherited)",
					"$(PROJECT_DIR)/build/Debug-iphoneos/Pods",
				);
				INFOPLIST_FILE = iou/Info.plist;
				IPHONEOS_DEPLOYMENT_TARGET = 9.0;
				LD_RUNPATH_SEARCH_PATHS = "$(inherited) @executable_path/Frameworks";
				PRODUCT_BUNDLE_IDENTIFIER = com.apmsolutions.iou;
				PRODUCT_NAME = "$(TARGET_NAME)";
				PROVISIONING_PROFILE = "";
				SWIFT_OBJC_BRIDGING_HEADER = "iou-Bridging-Header.h";
			};
			name = Debug;
		};
		72A07EAF1AA8EE570016C61B /* Release */ = {
			isa = XCBuildConfiguration;
			baseConfigurationReference = D2B058942AEB75EDD9D3A13E /* Pods.release.xcconfig */;
			buildSettings = {
				ASSETCATALOG_COMPILER_APPICON_NAME = AppIcon;
				CODE_SIGN_IDENTITY = "iPhone Developer";
				"CODE_SIGN_IDENTITY[sdk=iphoneos*]" = "iPhone Distribution: Knut Nygaard (E9A359GGU4)";
				FRAMEWORK_SEARCH_PATHS = (
					"$(inherited)",
					"$(PROJECT_DIR)/build/Debug-iphoneos/Pods",
				);
				INFOPLIST_FILE = iou/Info.plist;
				IPHONEOS_DEPLOYMENT_TARGET = 9.0;
				LD_RUNPATH_SEARCH_PATHS = "$(inherited) @executable_path/Frameworks";
				PRODUCT_BUNDLE_IDENTIFIER = com.apmsolutions.iou;
				PRODUCT_NAME = "$(TARGET_NAME)";
				PROVISIONING_PROFILE = "";
				SWIFT_OBJC_BRIDGING_HEADER = "iou-Bridging-Header.h";
			};
			name = Release;
		};
		72A07EB11AA8EE570016C61B /* Debug */ = {
			isa = XCBuildConfiguration;
			baseConfigurationReference = 108EFFAC047710158FD90D5B /* Pods.debug.xcconfig */;
			buildSettings = {
				BUNDLE_LOADER = "$(TEST_HOST)";
				FRAMEWORK_SEARCH_PATHS = (
					"$(SDKROOT)/Developer/Library/Frameworks",
					"$(inherited)",
					"$(PROJECT_DIR)/build/Debug-iphoneos/Pods",
				);
				GCC_PREPROCESSOR_DEFINITIONS = (
					"DEBUG=1",
					"$(inherited)",
				);
				INFOPLIST_FILE = iouTests/Info.plist;
				LD_RUNPATH_SEARCH_PATHS = "$(inherited) @executable_path/Frameworks @loader_path/Frameworks";
				PRODUCT_BUNDLE_IDENTIFIER = "com.apmsolutions.$(PRODUCT_NAME:rfc1034identifier)";
				PRODUCT_NAME = "$(TARGET_NAME)";
				TEST_HOST = "$(BUILT_PRODUCTS_DIR)/iou.app/iou";
			};
			name = Debug;
		};
		72A07EB21AA8EE570016C61B /* Release */ = {
			isa = XCBuildConfiguration;
			baseConfigurationReference = D2B058942AEB75EDD9D3A13E /* Pods.release.xcconfig */;
			buildSettings = {
				BUNDLE_LOADER = "$(TEST_HOST)";
				FRAMEWORK_SEARCH_PATHS = (
					"$(SDKROOT)/Developer/Library/Frameworks",
					"$(inherited)",
					"$(PROJECT_DIR)/build/Debug-iphoneos/Pods",
				);
				INFOPLIST_FILE = iouTests/Info.plist;
				LD_RUNPATH_SEARCH_PATHS = "$(inherited) @executable_path/Frameworks @loader_path/Frameworks";
				PRODUCT_BUNDLE_IDENTIFIER = "com.apmsolutions.$(PRODUCT_NAME:rfc1034identifier)";
				PRODUCT_NAME = "$(TARGET_NAME)";
				TEST_HOST = "$(BUILT_PRODUCTS_DIR)/iou.app/iou";
			};
			name = Release;
		};
/* End XCBuildConfiguration section */

/* Begin XCConfigurationList section */
		72A07E891AA8EE570016C61B /* Build configuration list for PBXProject "iou" */ = {
			isa = XCConfigurationList;
			buildConfigurations = (
				72A07EAB1AA8EE570016C61B /* Debug */,
				72A07EAC1AA8EE570016C61B /* Release */,
			);
			defaultConfigurationIsVisible = 0;
			defaultConfigurationName = Release;
		};
		72A07EAD1AA8EE570016C61B /* Build configuration list for PBXNativeTarget "iou" */ = {
			isa = XCConfigurationList;
			buildConfigurations = (
				72A07EAE1AA8EE570016C61B /* Debug */,
				72A07EAF1AA8EE570016C61B /* Release */,
			);
			defaultConfigurationIsVisible = 0;
			defaultConfigurationName = Release;
		};
		72A07EB01AA8EE570016C61B /* Build configuration list for PBXNativeTarget "iouTests" */ = {
			isa = XCConfigurationList;
			buildConfigurations = (
				72A07EB11AA8EE570016C61B /* Debug */,
				72A07EB21AA8EE570016C61B /* Release */,
			);
			defaultConfigurationIsVisible = 0;
			defaultConfigurationName = Release;
		};
/* End XCConfigurationList section */
	};
	rootObject = 72A07E861AA8EE570016C61B /* Project object */;
}
